PODS:
  - AFNetworking (3.1.0):
    - AFNetworking/NSURLSession (= 3.1.0)
    - AFNetworking/Reachability (= 3.1.0)
    - AFNetworking/Security (= 3.1.0)
    - AFNetworking/Serialization (= 3.1.0)
    - AFNetworking/UIKit (= 3.1.0)
  - AFNetworking/NSURLSession (3.1.0):
    - AFNetworking/Reachability
    - AFNetworking/Security
    - AFNetworking/Serialization
  - AFNetworking/Reachability (3.1.0)
  - AFNetworking/Security (3.1.0)
  - AFNetworking/Serialization (3.1.0)
  - AFNetworking/UIKit (3.1.0):
    - AFNetworking/NSURLSession
  - CocoaLumberjack (3.0.0):
    - CocoaLumberjack/Default (= 3.0.0)
    - CocoaLumberjack/Extensions (= 3.0.0)
  - CocoaLumberjack/Core (3.0.0)
  - CocoaLumberjack/Default (3.0.0):
    - CocoaLumberjack/Core
  - CocoaLumberjack/Extensions (3.0.0):
    - CocoaLumberjack/Default
  - JRSwizzle (1.0)
  - macros_blocks (0.0.1)
  - MBProgressHUD (1.0.0)
  - RZSquaresLoading (1.1)
  - SCNetworkReachability (2.0.5):
    - SCNetworkReachability/Core (= 2.0.5)
  - SCNetworkReachability/Core (2.0.5):
    - macros_blocks (= 0.0.1)
  - SDCAlertView (7.1)
  - UINavigationControllerWithCompletionBlock (0.0.8):
    - JRSwizzle (~> 1.0)
  - WCAlertView (1.0.1)

DEPENDENCIES:
  - AFNetworking
  - CocoaLumberjack
  - MBProgressHUD
  - RZSquaresLoading
  - SCNetworkReachability
  - SDCAlertView (from `https://github.com/sberrevoets/SDCAlertView`)
  - UINavigationControllerWithCompletionBlock
  - WCAlertView

EXTERNAL SOURCES:
  SDCAlertView:
    :git: https://github.com/sberrevoets/SDCAlertView

CHECKOUT OPTIONS:
  SDCAlertView:
    :commit: 47e3626aa7cda2be777653870fdd94f93e731b2d
    :git: https://github.com/sberrevoets/SDCAlertView

SPEC CHECKSUMS:
  AFNetworking: 5e0e199f73d8626b11e79750991f5d173d1f8b67
  CocoaLumberjack: c823149bccc5519a9447aeb433be7b1212a7d6a5
  JRSwizzle: dd5ead5d913a0f29e7f558200165849f006bb1e3
  macros_blocks: da2106a0975514e16f3669f2f50a02efaff642cf
  MBProgressHUD: 4890f671c94e8a0f3cf959aa731e9de2f036d71a
  RZSquaresLoading: c0aefa508119a76497424829e439e1b8b0d12fdc
  SCNetworkReachability: 14026e754d9abb264c157131539e8e2c2131cb62
  SDCAlertView: a8fa1ad92b82de0feea0f6a50475c63c70b840a5
  UINavigationControllerWithCompletionBlock: c043176ee769b1e108761fff73ed776645f0f9d0
  WCAlertView: 36a1d087d0b3eb7f6ce3dae623fbb474f26f2beb

PODFILE CHECKSUM: 72e73bc8575e050033f4660df0d292db4b58bd1d

COCOAPODS: 1.2.0
