// !$*UTF8*$!
{
	archiveVersion = 1;
	classes = {
	};
	objectVersion = 46;
	objects = {

/* Begin PBXBuildFile section */
		6F039E5B1E63393400236FC9 /* GridCollectionController.swift in Sources */ = {isa = PBXBuildFile; fileRef = 6F039E5A1E63393400236FC9 /* GridCollectionController.swift */; };
		6F039E5E1E633DEA00236FC9 /* DWPDevice.m in Sources */ = {isa = PBXBuildFile; fileRef = 6F039E5D1E633DEA00236FC9 /* DWPDevice.m */; };
		6F03D18719A678DE003EE79B /* FLPTitleLetterView.m in Sources */ = {isa = PBXBuildFile; fileRef = 6F03D18619A678DE003EE79B /* FLPTitleLetterView.m */; };
		6F103A651E56D189007C0E21 /* FLPGridViewController.m in Sources */ = {isa = PBXBuildFile; fileRef = 6F103A631E56D189007C0E21 /* FLPGridViewController.m */; };
		6F103A661E56D189007C0E21 /* FLPGridViewController.xib in Resources */ = {isa = PBXBuildFile; fileRef = 6F103A641E56D189007C0E21 /* FLPGridViewController.xib */; };
		6F103A681E56D1A9007C0E21 /* GridViewControllerDelegate.swift in Sources */ = {isa = PBXBuildFile; fileRef = 6F103A671E56D1A9007C0E21 /* GridViewControllerDelegate.swift */; };
		6F103A6A1E56D1CD007C0E21 /* GridPresenter.swift in Sources */ = {isa = PBXBuildFile; fileRef = 6F103A691E56D1CD007C0E21 /* GridPresenter.swift */; };
		6F103A6C1E56D1F4007C0E21 /* GridPresenterDelegate.swift in Sources */ = {isa = PBXBuildFile; fileRef = 6F103A6B1E56D1F4007C0E21 /* GridPresenterDelegate.swift */; };
		6F12D9FB1F1DEC320020A60F /* Reachability.m in Sources */ = {isa = PBXBuildFile; fileRef = 6F12D9FA1F1DEC320020A60F /* Reachability.m */; };
		6F12DA001F1E23950020A60F /* CameraPhotos.swift in Sources */ = {isa = PBXBuildFile; fileRef = 6F12D9FF1F1E23950020A60F /* CameraPhotos.swift */; };
		6F12DA021F1E28AB0020A60F /* Photos.framework in Frameworks */ = {isa = PBXBuildFile; fileRef = 6F12DA011F1E28AB0020A60F /* Photos.framework */; };
		6F19F69B19A3A8870047F269 /* camera-shutter-click-01.wav in Resources */ = {isa = PBXBuildFile; fileRef = 6F19F69A19A3A8870047F269 /* camera-shutter-click-01.wav */; };
		6F19F69D19A3AC760047F269 /* polaroid-camera-take-picture-01.wav in Resources */ = {isa = PBXBuildFile; fileRef = 6F19F69C19A3AC760047F269 /* polaroid-camera-take-picture-01.wav */; };
		6F1AA1591973EAA400101766 /* Foundation.framework in Frameworks */ = {isa = PBXBuildFile; fileRef = 6F1AA1581973EAA400101766 /* Foundation.framework */; };
		6F1AA15B1973EAA400101766 /* CoreGraphics.framework in Frameworks */ = {isa = PBXBuildFile; fileRef = 6F1AA15A1973EAA400101766 /* CoreGraphics.framework */; };
		6F1AA15D1973EAA400101766 /* UIKit.framework in Frameworks */ = {isa = PBXBuildFile; fileRef = 6F1AA15C1973EAA400101766 /* UIKit.framework */; };
		6F1AA1741973EAA400101766 /* Images.xcassets in Resources */ = {isa = PBXBuildFile; fileRef = 6F1AA1731973EAA400101766 /* Images.xcassets */; };
		6F1AA17B1973EAA400101766 /* XCTest.framework in Frameworks */ = {isa = PBXBuildFile; fileRef = 6F1AA17A1973EAA400101766 /* XCTest.framework */; };
		6F1AA17C1973EAA500101766 /* Foundation.framework in Frameworks */ = {isa = PBXBuildFile; fileRef = 6F1AA1581973EAA400101766 /* Foundation.framework */; };
		6F1AA17D1973EAA500101766 /* UIKit.framework in Frameworks */ = {isa = PBXBuildFile; fileRef = 6F1AA15C1973EAA400101766 /* UIKit.framework */; };
		6F1AA1851973EAA500101766 /* InfoPlist.strings in Resources */ = {isa = PBXBuildFile; fileRef = 6F1AA1831973EAA500101766 /* InfoPlist.strings */; };
		6F1AA1871973EAA500101766 /* FlipTests.m in Sources */ = {isa = PBXBuildFile; fileRef = 6F1AA1861973EAA500101766 /* FlipTests.m */; };
		6F1AA1991973FE9900101766 /* Localizable.strings in Resources */ = {isa = PBXBuildFile; fileRef = 6F1AA19B1973FE9900101766 /* Localizable.strings */; };
		6F22B2991E50765D00237258 /* SizeView.swift in Sources */ = {isa = PBXBuildFile; fileRef = 6F22B2981E50765D00237258 /* SizeView.swift */; };
		6F22B29B1E50766900237258 /* SizeView.xib in Resources */ = {isa = PBXBuildFile; fileRef = 6F22B29A1E50766900237258 /* SizeView.xib */; };
		6F22B29D1E50767500237258 /* SizeViewDelegate.swift in Sources */ = {isa = PBXBuildFile; fileRef = 6F22B29C1E50767500237258 /* SizeViewDelegate.swift */; };
		6F26EA8A1E8FA5F400820FD2 /* Defaults.swift in Sources */ = {isa = PBXBuildFile; fileRef = 6F26EA881E8FA5F400820FD2 /* Defaults.swift */; };
		6F26EA8B1E8FA5F400820FD2 /* DefaultsDelegate.swift in Sources */ = {isa = PBXBuildFile; fileRef = 6F26EA891E8FA5F400820FD2 /* DefaultsDelegate.swift */; };
		6F26EA8D1E8FB29D00820FD2 /* FLPAppDelegate.m in Sources */ = {isa = PBXBuildFile; fileRef = 6F26EA8C1E8FB29D00820FD2 /* FLPAppDelegate.m */; };
		6F26EA8F1E8FB3A200820FD2 /* TwitterKeys.plist in Resources */ = {isa = PBXBuildFile; fileRef = 6F26EA8E1E8FB3A200820FD2 /* TwitterKeys.plist */; };
		6F26EA951E8FB5EE00820FD2 /* FLPTwitterPhotos.m in Sources */ = {isa = PBXBuildFile; fileRef = 6F26EA941E8FB5EE00820FD2 /* FLPTwitterPhotos.m */; };
		6F33AC7C1998C14000FBF9C4 /* FLPCollectionViewCell.m in Sources */ = {isa = PBXBuildFile; fileRef = 6F33AC7B1998C14000FBF9C4 /* FLPCollectionViewCell.m */; };
		6F38449C1E9006E600CD4472 /* ImageDownloader.swift in Sources */ = {isa = PBXBuildFile; fileRef = 6F38449B1E9006E600CD4472 /* ImageDownloader.swift */; };
		6F39356B1E86918200226DCE /* FLPScoreViewController.m in Sources */ = {isa = PBXBuildFile; fileRef = 6F3935691E86918200226DCE /* FLPScoreViewController.m */; };
		6F39356C1E86918200226DCE /* FLPScoreViewController.xib in Resources */ = {isa = PBXBuildFile; fileRef = 6F39356A1E86918200226DCE /* FLPScoreViewController.xib */; };
		6F39356E1E86919600226DCE /* ScorePresenter.swift in Sources */ = {isa = PBXBuildFile; fileRef = 6F39356D1E86919600226DCE /* ScorePresenter.swift */; };
		6F3935701E8691A200226DCE /* ScorePresenterDelegate.swift in Sources */ = {isa = PBXBuildFile; fileRef = 6F39356F1E8691A200226DCE /* ScorePresenterDelegate.swift */; };
		6F3935721E8691B100226DCE /* ScoreViewControllerDelegate.swift in Sources */ = {isa = PBXBuildFile; fileRef = 6F3935711E8691B100226DCE /* ScoreViewControllerDelegate.swift */; };
		6F3935741E8697F500226DCE /* Score.swift in Sources */ = {isa = PBXBuildFile; fileRef = 6F3935731E8697F500226DCE /* Score.swift */; };
		6F3935761E869AE700226DCE /* ScoreView.swift in Sources */ = {isa = PBXBuildFile; fileRef = 6F3935751E869AE700226DCE /* ScoreView.swift */; };
		6F3935781E86A00D00226DCE /* ScoreResultView.swift in Sources */ = {isa = PBXBuildFile; fileRef = 6F3935771E86A00D00226DCE /* ScoreResultView.swift */; };
		6F39357A1E86A03200226DCE /* ScoreView.xib in Resources */ = {isa = PBXBuildFile; fileRef = 6F3935791E86A03200226DCE /* ScoreView.xib */; };
		6F39357C1E86CDAE00226DCE /* ScoreResultView.xib in Resources */ = {isa = PBXBuildFile; fileRef = 6F39357B1E86CDAE00226DCE /* ScoreResultView.xib */; };
		6F39357E1E86E99D00226DCE /* UIView+Constraints.swift in Sources */ = {isa = PBXBuildFile; fileRef = 6F39357D1E86E99D00226DCE /* UIView+Constraints.swift */; };
		6F3AB3721E5A139400CE62CE /* GridCell.swift in Sources */ = {isa = PBXBuildFile; fileRef = 6F3AB3711E5A139400CE62CE /* GridCell.swift */; };
		6F3AB3741E5A141C00CE62CE /* GridCellStatus.swift in Sources */ = {isa = PBXBuildFile; fileRef = 6F3AB3731E5A141C00CE62CE /* GridCellStatus.swift */; };
		6F3AB3761E5A152600CE62CE /* MutableCollection+Extension.swift in Sources */ = {isa = PBXBuildFile; fileRef = 6F3AB3751E5A152600CE62CE /* MutableCollection+Extension.swift */; };
		6F3AB3781E5A21D100CE62CE /* FLPCollectionViewCell.xib in Resources */ = {isa = PBXBuildFile; fileRef = 6F3AB3771E5A21D100CE62CE /* FLPCollectionViewCell.xib */; };
		6F5579EB1E4624B4008FB1BB /* Router.swift in Sources */ = {isa = PBXBuildFile; fileRef = 6F5579EA1E4624B4008FB1BB /* Router.swift */; };
		6F5579F21E462565008FB1BB /* FLPMainViewController.xib in Resources */ = {isa = PBXBuildFile; fileRef = 6F5579F01E462565008FB1BB /* FLPMainViewController.xib */; };
		6F5579F41E46257A008FB1BB /* MainPresenter.swift in Sources */ = {isa = PBXBuildFile; fileRef = 6F5579F31E46257A008FB1BB /* MainPresenter.swift */; };
		6F5579F61E46258D008FB1BB /* MainViewControllerDelegate.swift in Sources */ = {isa = PBXBuildFile; fileRef = 6F5579F51E46258D008FB1BB /* MainViewControllerDelegate.swift */; };
		6F5579F81E46259E008FB1BB /* MainPresenterDelegate.swift in Sources */ = {isa = PBXBuildFile; fileRef = 6F5579F71E46259E008FB1BB /* MainPresenterDelegate.swift */; };
		6F557A031E462754008FB1BB /* PresenterInstances.swift in Sources */ = {isa = PBXBuildFile; fileRef = 6F557A021E462754008FB1BB /* PresenterInstances.swift */; };
		6F5CFE8F1F1F44940022B76F /* URL+Extension.swift in Sources */ = {isa = PBXBuildFile; fileRef = 6F5CFE8E1F1F44940022B76F /* URL+Extension.swift */; };
		6F5EA2111F2786C900B258EB /* ScoreViewDelegate.swift in Sources */ = {isa = PBXBuildFile; fileRef = 6F5EA2101F2786C900B258EB /* ScoreViewDelegate.swift */; };
		6F8782FE199BB11000AA118E /* AdSupport.framework in Frameworks */ = {isa = PBXBuildFile; fileRef = 6F8782FD199BB11000AA118E /* AdSupport.framework */; };
		6F878300199BB11900AA118E /* AudioToolbox.framework in Frameworks */ = {isa = PBXBuildFile; fileRef = 6F8782FF199BB11900AA118E /* AudioToolbox.framework */; };
		6F878302199BB12900AA118E /* AVFoundation.framework in Frameworks */ = {isa = PBXBuildFile; fileRef = 6F878301199BB12900AA118E /* AVFoundation.framework */; };
		6F878304199BB13500AA118E /* MessageUI.framework in Frameworks */ = {isa = PBXBuildFile; fileRef = 6F878303199BB13500AA118E /* MessageUI.framework */; };
		6F878306199BB14100AA118E /* StoreKit.framework in Frameworks */ = {isa = PBXBuildFile; fileRef = 6F878305199BB14100AA118E /* StoreKit.framework */; };
		6F878308199BB14C00AA118E /* SystemConfiguration.framework in Frameworks */ = {isa = PBXBuildFile; fileRef = 6F878307199BB14C00AA118E /* SystemConfiguration.framework */; };
		6F880A521EF4391B005945A0 /* FacebookPhotos.swift in Sources */ = {isa = PBXBuildFile; fileRef = 6F880A511EF4391B005945A0 /* FacebookPhotos.swift */; };
		6F8922C61ED7FB6B00E65D7E /* Bolts.framework in Frameworks */ = {isa = PBXBuildFile; fileRef = 6F8922C21ED7FB6B00E65D7E /* Bolts.framework */; };
		6F8922C71ED7FB6B00E65D7E /* FBSDKCoreKit.framework in Frameworks */ = {isa = PBXBuildFile; fileRef = 6F8922C31ED7FB6B00E65D7E /* FBSDKCoreKit.framework */; };
		6F8922C81ED7FB6B00E65D7E /* FBSDKLoginKit.framework in Frameworks */ = {isa = PBXBuildFile; fileRef = 6F8922C41ED7FB6B00E65D7E /* FBSDKLoginKit.framework */; };
		6F8922C91ED7FB6B00E65D7E /* FBSDKShareKit.framework in Frameworks */ = {isa = PBXBuildFile; fileRef = 6F8922C51ED7FB6B00E65D7E /* FBSDKShareKit.framework */; };
		6F8DE3681F1CB24E00E13D41 /* Array+Extension.swift in Sources */ = {isa = PBXBuildFile; fileRef = 6F8DE3671F1CB24E00E13D41 /* Array+Extension.swift */; };
		6F8DE36D1F1CD98900E13D41 /* NSArray+Extras.m in Sources */ = {isa = PBXBuildFile; fileRef = 6F8DE36C1F1CD98900E13D41 /* NSArray+Extras.m */; };
		6F94697D1E585A08003D102B /* AlertController.m in Sources */ = {isa = PBXBuildFile; fileRef = 6F94697C1E585A08003D102B /* AlertController.m */; };
		6FAD88DC1A25F7FB00E08609 /* Roboto-Bold.ttf in Resources */ = {isa = PBXBuildFile; fileRef = 6FAD88D91A25F7FB00E08609 /* Roboto-Bold.ttf */; };
		6FAD88DD1A25F7FB00E08609 /* Roboto-Bold.ttf in Resources */ = {isa = PBXBuildFile; fileRef = 6FAD88D91A25F7FB00E08609 /* Roboto-Bold.ttf */; };
		6FAD88DE1A25F7FB00E08609 /* Pacifico.ttf in Resources */ = {isa = PBXBuildFile; fileRef = 6FAD88DA1A25F7FB00E08609 /* Pacifico.ttf */; };
		6FAD88DF1A25F7FB00E08609 /* Pacifico.ttf in Resources */ = {isa = PBXBuildFile; fileRef = 6FAD88DA1A25F7FB00E08609 /* Pacifico.ttf */; };
		6FAD88E01A25F7FB00E08609 /* CantoraOne-Regular.ttf in Resources */ = {isa = PBXBuildFile; fileRef = 6FAD88DB1A25F7FB00E08609 /* CantoraOne-Regular.ttf */; };
		6FAD88E11A25F7FB00E08609 /* CantoraOne-Regular.ttf in Resources */ = {isa = PBXBuildFile; fileRef = 6FAD88DB1A25F7FB00E08609 /* CantoraOne-Regular.ttf */; };
		6FB0C2D21E8D92260041D108 /* LaunchScreen.storyboard in Resources */ = {isa = PBXBuildFile; fileRef = 6FB0C2D11E8D92260041D108 /* LaunchScreen.storyboard */; };
		6FB0C2D41E8D94790041D108 /* main.m in Sources */ = {isa = PBXBuildFile; fileRef = 6FB0C2D31E8D94790041D108 /* main.m */; };
		6FB0C2D51E8D94D90041D108 /* FLPMainViewController.m in Sources */ = {isa = PBXBuildFile; fileRef = 6F5579EF1E462565008FB1BB /* FLPMainViewController.m */; };
		6FB0C2D71E8D97100041D108 /* RouterDelegate.swift in Sources */ = {isa = PBXBuildFile; fileRef = 6FB0C2D61E8D97100041D108 /* RouterDelegate.swift */; };
		6FB3BEEB1E474707007933CB /* FLPBaseViewController.m in Sources */ = {isa = PBXBuildFile; fileRef = 6FB3BEEA1E474707007933CB /* FLPBaseViewController.m */; };
		6FB3BEEE1E474718007933CB /* FLPBasePresenter.m in Sources */ = {isa = PBXBuildFile; fileRef = 6FB3BEED1E474718007933CB /* FLPBasePresenter.m */; };
		6FC031831E64079000857D9D /* GridColumnsAndRows.swift in Sources */ = {isa = PBXBuildFile; fileRef = 6FC031821E64079000857D9D /* GridColumnsAndRows.swift */; };
		6FEEC3451E6981460077BECA /* GridCollectionControllerDelegate.swift in Sources */ = {isa = PBXBuildFile; fileRef = 6FEEC3441E6981460077BECA /* GridCollectionControllerDelegate.swift */; };
		6FF528E41E4F6A7A0081747E /* SourceView.swift in Sources */ = {isa = PBXBuildFile; fileRef = 6FF528E31E4F6A7A0081747E /* SourceView.swift */; };
		6FF528E61E4F6A8B0081747E /* SourceView.xib in Resources */ = {isa = PBXBuildFile; fileRef = 6FF528E51E4F6A8B0081747E /* SourceView.xib */; };
		6FF528E81E4F71EE0081747E /* SourceViewDelegate.swift in Sources */ = {isa = PBXBuildFile; fileRef = 6FF528E71E4F71EE0081747E /* SourceViewDelegate.swift */; };
		6FF528EA1E4F75950081747E /* TitleView.swift in Sources */ = {isa = PBXBuildFile; fileRef = 6FF528E91E4F75950081747E /* TitleView.swift */; };
		6FF528EC1E4F75AC0081747E /* TitleView.xib in Resources */ = {isa = PBXBuildFile; fileRef = 6FF528EB1E4F75AC0081747E /* TitleView.xib */; };
		6FF528F01E4F78430081747E /* UIViewFromNib.swift in Sources */ = {isa = PBXBuildFile; fileRef = 6FF528EF1E4F78430081747E /* UIViewFromNib.swift */; };
		6FF528F31E4F8BF60081747E /* RecordsView.swift in Sources */ = {isa = PBXBuildFile; fileRef = 6FF528F21E4F8BF60081747E /* RecordsView.swift */; };
		6FF528F51E4F8C020081747E /* RecordsView.xib in Resources */ = {isa = PBXBuildFile; fileRef = 6FF528F41E4F8C020081747E /* RecordsView.xib */; };
		6FF528F71E4F91E10081747E /* RecordsViewDelegate.swift in Sources */ = {isa = PBXBuildFile; fileRef = 6FF528F61E4F91E10081747E /* RecordsViewDelegate.swift */; };
		6FF58538197FCA5800926DF9 /* AssetsLibrary.framework in Frameworks */ = {isa = PBXBuildFile; fileRef = 6FF58537197FCA5800926DF9 /* AssetsLibrary.framework */; };
		6FF999061E8806B800FAD8B3 /* Records.swift in Sources */ = {isa = PBXBuildFile; fileRef = 6FF999051E8806B800FAD8B3 /* Records.swift */; };
		6FF999091E88074B00FAD8B3 /* DataSourceDelegate.swift in Sources */ = {isa = PBXBuildFile; fileRef = 6FF999081E88074B00FAD8B3 /* DataSourceDelegate.swift */; };
		6FF9990B1E88075C00FAD8B3 /* DataSource.swift in Sources */ = {isa = PBXBuildFile; fileRef = 6FF9990A1E88075C00FAD8B3 /* DataSource.swift */; };
		839DC0DE5FB00BF04E124135 /* Pods_FlipTests.framework in Frameworks */ = {isa = PBXBuildFile; fileRef = EE9AD0BCCD5D4D4189AC8FF4 /* Pods_FlipTests.framework */; };
		C4AA718B0627E08BE2AA2523 /* Pods_Flip.framework in Frameworks */ = {isa = PBXBuildFile; fileRef = 95E0931B45ECDDB951B95986 /* Pods_Flip.framework */; };
/* End PBXBuildFile section */

/* Begin PBXContainerItemProxy section */
		6F1AA17E1973EAA500101766 /* PBXContainerItemProxy */ = {
			isa = PBXContainerItemProxy;
			containerPortal = 6F1AA14D1973EAA400101766 /* Project object */;
			proxyType = 1;
			remoteGlobalIDString = 6F1AA1541973EAA400101766;
			remoteInfo = Flip;
		};
/* End PBXContainerItemProxy section */

/* Begin PBXFileReference section */
		16674C4E04FA375117C4F89C /* Pods-FlipTests.release.xcconfig */ = {isa = PBXFileReference; includeInIndex = 1; lastKnownFileType = text.xcconfig; name = "Pods-FlipTests.release.xcconfig"; path = "Pods/Target Support Files/Pods-FlipTests/Pods-FlipTests.release.xcconfig"; sourceTree = "<group>"; };
		2A685E8F8CC418FD8843760A /* Pods.release.xcconfig */ = {isa = PBXFileReference; includeInIndex = 1; lastKnownFileType = text.xcconfig; name = Pods.release.xcconfig; path = "Pods/Target Support Files/Pods/Pods.release.xcconfig"; sourceTree = "<group>"; };
		4BBCAE98D7219A1863DA7EFE /* Pods-Flip.release.xcconfig */ = {isa = PBXFileReference; includeInIndex = 1; lastKnownFileType = text.xcconfig; name = "Pods-Flip.release.xcconfig"; path = "Pods/Target Support Files/Pods-Flip/Pods-Flip.release.xcconfig"; sourceTree = "<group>"; };
		612618E1383860C51F74F5A6 /* Pods.debug.xcconfig */ = {isa = PBXFileReference; includeInIndex = 1; lastKnownFileType = text.xcconfig; name = Pods.debug.xcconfig; path = "Pods/Target Support Files/Pods/Pods.debug.xcconfig"; sourceTree = "<group>"; };
		64A060032C00B166A7B24DFB /* Pods-FlipTests.debug.xcconfig */ = {isa = PBXFileReference; includeInIndex = 1; lastKnownFileType = text.xcconfig; name = "Pods-FlipTests.debug.xcconfig"; path = "Pods/Target Support Files/Pods-FlipTests/Pods-FlipTests.debug.xcconfig"; sourceTree = "<group>"; };
		6F039E5A1E63393400236FC9 /* GridCollectionController.swift */ = {isa = PBXFileReference; fileEncoding = 4; lastKnownFileType = sourcecode.swift; path = GridCollectionController.swift; sourceTree = "<group>"; };
		6F039E5C1E633DEA00236FC9 /* DWPDevice.h */ = {isa = PBXFileReference; fileEncoding = 4; lastKnownFileType = sourcecode.c.h; path = DWPDevice.h; sourceTree = "<group>"; };
		6F039E5D1E633DEA00236FC9 /* DWPDevice.m */ = {isa = PBXFileReference; fileEncoding = 4; lastKnownFileType = sourcecode.c.objc; path = DWPDevice.m; sourceTree = "<group>"; };
		6F03D18519A678DE003EE79B /* FLPTitleLetterView.h */ = {isa = PBXFileReference; fileEncoding = 4; lastKnownFileType = sourcecode.c.h; path = FLPTitleLetterView.h; sourceTree = "<group>"; };
		6F03D18619A678DE003EE79B /* FLPTitleLetterView.m */ = {isa = PBXFileReference; fileEncoding = 4; lastKnownFileType = sourcecode.c.objc; path = FLPTitleLetterView.m; sourceTree = "<group>"; };
		6F103A621E56D189007C0E21 /* FLPGridViewController.h */ = {isa = PBXFileReference; fileEncoding = 4; lastKnownFileType = sourcecode.c.h; path = FLPGridViewController.h; sourceTree = "<group>"; };
		6F103A631E56D189007C0E21 /* FLPGridViewController.m */ = {isa = PBXFileReference; fileEncoding = 4; lastKnownFileType = sourcecode.c.objc; path = FLPGridViewController.m; sourceTree = "<group>"; };
		6F103A641E56D189007C0E21 /* FLPGridViewController.xib */ = {isa = PBXFileReference; fileEncoding = 4; lastKnownFileType = file.xib; path = FLPGridViewController.xib; sourceTree = "<group>"; };
		6F103A671E56D1A9007C0E21 /* GridViewControllerDelegate.swift */ = {isa = PBXFileReference; fileEncoding = 4; lastKnownFileType = sourcecode.swift; path = GridViewControllerDelegate.swift; sourceTree = "<group>"; };
		6F103A691E56D1CD007C0E21 /* GridPresenter.swift */ = {isa = PBXFileReference; fileEncoding = 4; lastKnownFileType = sourcecode.swift; path = GridPresenter.swift; sourceTree = "<group>"; };
		6F103A6B1E56D1F4007C0E21 /* GridPresenterDelegate.swift */ = {isa = PBXFileReference; fileEncoding = 4; lastKnownFileType = sourcecode.swift; path = GridPresenterDelegate.swift; sourceTree = "<group>"; };
		6F12D9F91F1DEC320020A60F /* Reachability.h */ = {isa = PBXFileReference; fileEncoding = 4; lastKnownFileType = sourcecode.c.h; path = Reachability.h; sourceTree = "<group>"; };
		6F12D9FA1F1DEC320020A60F /* Reachability.m */ = {isa = PBXFileReference; fileEncoding = 4; lastKnownFileType = sourcecode.c.objc; path = Reachability.m; sourceTree = "<group>"; };
		6F12D9FF1F1E23950020A60F /* CameraPhotos.swift */ = {isa = PBXFileReference; fileEncoding = 4; lastKnownFileType = sourcecode.swift; path = CameraPhotos.swift; sourceTree = "<group>"; };
		6F12DA011F1E28AB0020A60F /* Photos.framework */ = {isa = PBXFileReference; lastKnownFileType = wrapper.framework; name = Photos.framework; path = System/Library/Frameworks/Photos.framework; sourceTree = SDKROOT; };
		6F19F69A19A3A8870047F269 /* camera-shutter-click-01.wav */ = {isa = PBXFileReference; lastKnownFileType = audio.wav; path = "camera-shutter-click-01.wav"; sourceTree = "<group>"; };
		6F19F69C19A3AC760047F269 /* polaroid-camera-take-picture-01.wav */ = {isa = PBXFileReference; lastKnownFileType = audio.wav; path = "polaroid-camera-take-picture-01.wav"; sourceTree = "<group>"; };
		6F1AA1551973EAA400101766 /* Flip.app */ = {isa = PBXFileReference; explicitFileType = wrapper.application; includeInIndex = 0; path = Flip.app; sourceTree = BUILT_PRODUCTS_DIR; };
		6F1AA1581973EAA400101766 /* Foundation.framework */ = {isa = PBXFileReference; lastKnownFileType = wrapper.framework; name = Foundation.framework; path = System/Library/Frameworks/Foundation.framework; sourceTree = SDKROOT; };
		6F1AA15A1973EAA400101766 /* CoreGraphics.framework */ = {isa = PBXFileReference; lastKnownFileType = wrapper.framework; name = CoreGraphics.framework; path = System/Library/Frameworks/CoreGraphics.framework; sourceTree = SDKROOT; };
		6F1AA15C1973EAA400101766 /* UIKit.framework */ = {isa = PBXFileReference; lastKnownFileType = wrapper.framework; name = UIKit.framework; path = System/Library/Frameworks/UIKit.framework; sourceTree = SDKROOT; };
		6F1AA1601973EAA400101766 /* Flip-Info.plist */ = {isa = PBXFileReference; lastKnownFileType = text.plist.xml; path = "Flip-Info.plist"; sourceTree = "<group>"; };
		6F1AA1661973EAA400101766 /* Flip-Prefix.pch */ = {isa = PBXFileReference; lastKnownFileType = sourcecode.c.h; path = "Flip-Prefix.pch"; sourceTree = "<group>"; };
		6F1AA1671973EAA400101766 /* FLPAppDelegate.h */ = {isa = PBXFileReference; lastKnownFileType = sourcecode.c.h; path = FLPAppDelegate.h; sourceTree = "<group>"; };
		6F1AA1731973EAA400101766 /* Images.xcassets */ = {isa = PBXFileReference; lastKnownFileType = folder.assetcatalog; path = Images.xcassets; sourceTree = "<group>"; };
		6F1AA1791973EAA400101766 /* FlipTests.xctest */ = {isa = PBXFileReference; explicitFileType = wrapper.cfbundle; includeInIndex = 0; path = FlipTests.xctest; sourceTree = BUILT_PRODUCTS_DIR; };
		6F1AA17A1973EAA400101766 /* XCTest.framework */ = {isa = PBXFileReference; lastKnownFileType = wrapper.framework; name = XCTest.framework; path = Library/Frameworks/XCTest.framework; sourceTree = DEVELOPER_DIR; };
		6F1AA1821973EAA500101766 /* FlipTests-Info.plist */ = {isa = PBXFileReference; lastKnownFileType = text.plist.xml; path = "FlipTests-Info.plist"; sourceTree = "<group>"; };
		6F1AA1841973EAA500101766 /* en */ = {isa = PBXFileReference; lastKnownFileType = text.plist.strings; name = en; path = en.lproj/InfoPlist.strings; sourceTree = "<group>"; };
		6F1AA1861973EAA500101766 /* FlipTests.m */ = {isa = PBXFileReference; lastKnownFileType = sourcecode.c.objc; path = FlipTests.m; sourceTree = "<group>"; };
		6F1AA1941973EB2E00101766 /* es */ = {isa = PBXFileReference; lastKnownFileType = text.plist.strings; name = es; path = es.lproj/InfoPlist.strings; sourceTree = "<group>"; };
		6F1AA19A1973FE9900101766 /* Base */ = {isa = PBXFileReference; lastKnownFileType = text.plist.strings; name = Base; path = Base.lproj/Localizable.strings; sourceTree = "<group>"; };
		6F1AA19C1973FE9B00101766 /* es */ = {isa = PBXFileReference; lastKnownFileType = text.plist.strings; name = es; path = es.lproj/Localizable.strings; sourceTree = "<group>"; };
		6F1AA19D1973FE9B00101766 /* en */ = {isa = PBXFileReference; lastKnownFileType = text.plist.strings; name = en; path = en.lproj/Localizable.strings; sourceTree = "<group>"; };
		6F22B2981E50765D00237258 /* SizeView.swift */ = {isa = PBXFileReference; fileEncoding = 4; lastKnownFileType = sourcecode.swift; path = SizeView.swift; sourceTree = "<group>"; };
		6F22B29A1E50766900237258 /* SizeView.xib */ = {isa = PBXFileReference; fileEncoding = 4; lastKnownFileType = file.xib; path = SizeView.xib; sourceTree = "<group>"; };
		6F22B29C1E50767500237258 /* SizeViewDelegate.swift */ = {isa = PBXFileReference; fileEncoding = 4; lastKnownFileType = sourcecode.swift; path = SizeViewDelegate.swift; sourceTree = "<group>"; };
		6F26EA881E8FA5F400820FD2 /* Defaults.swift */ = {isa = PBXFileReference; fileEncoding = 4; lastKnownFileType = sourcecode.swift; path = Defaults.swift; sourceTree = "<group>"; };
		6F26EA891E8FA5F400820FD2 /* DefaultsDelegate.swift */ = {isa = PBXFileReference; fileEncoding = 4; lastKnownFileType = sourcecode.swift; path = DefaultsDelegate.swift; sourceTree = "<group>"; };
		6F26EA8C1E8FB29D00820FD2 /* FLPAppDelegate.m */ = {isa = PBXFileReference; fileEncoding = 4; lastKnownFileType = sourcecode.c.objc; path = FLPAppDelegate.m; sourceTree = "<group>"; };
		6F26EA8E1E8FB3A200820FD2 /* TwitterKeys.plist */ = {isa = PBXFileReference; fileEncoding = 4; lastKnownFileType = text.plist.xml; path = TwitterKeys.plist; sourceTree = "<group>"; };
		6F26EA931E8FB5EE00820FD2 /* FLPTwitterPhotos.h */ = {isa = PBXFileReference; fileEncoding = 4; lastKnownFileType = sourcecode.c.h; path = FLPTwitterPhotos.h; sourceTree = "<group>"; };
		6F26EA941E8FB5EE00820FD2 /* FLPTwitterPhotos.m */ = {isa = PBXFileReference; fileEncoding = 4; lastKnownFileType = sourcecode.c.objc; path = FLPTwitterPhotos.m; sourceTree = "<group>"; };
		6F33AC7A1998C14000FBF9C4 /* FLPCollectionViewCell.h */ = {isa = PBXFileReference; fileEncoding = 4; lastKnownFileType = sourcecode.c.h; path = FLPCollectionViewCell.h; sourceTree = "<group>"; };
		6F33AC7B1998C14000FBF9C4 /* FLPCollectionViewCell.m */ = {isa = PBXFileReference; fileEncoding = 4; lastKnownFileType = sourcecode.c.objc; path = FLPCollectionViewCell.m; sourceTree = "<group>"; };
		6F38449B1E9006E600CD4472 /* ImageDownloader.swift */ = {isa = PBXFileReference; fileEncoding = 4; lastKnownFileType = sourcecode.swift; path = ImageDownloader.swift; sourceTree = "<group>"; };
		6F3935681E86918200226DCE /* FLPScoreViewController.h */ = {isa = PBXFileReference; fileEncoding = 4; lastKnownFileType = sourcecode.c.h; path = FLPScoreViewController.h; sourceTree = "<group>"; };
		6F3935691E86918200226DCE /* FLPScoreViewController.m */ = {isa = PBXFileReference; fileEncoding = 4; lastKnownFileType = sourcecode.c.objc; path = FLPScoreViewController.m; sourceTree = "<group>"; };
		6F39356A1E86918200226DCE /* FLPScoreViewController.xib */ = {isa = PBXFileReference; fileEncoding = 4; lastKnownFileType = file.xib; path = FLPScoreViewController.xib; sourceTree = "<group>"; };
		6F39356D1E86919600226DCE /* ScorePresenter.swift */ = {isa = PBXFileReference; fileEncoding = 4; lastKnownFileType = sourcecode.swift; path = ScorePresenter.swift; sourceTree = "<group>"; };
		6F39356F1E8691A200226DCE /* ScorePresenterDelegate.swift */ = {isa = PBXFileReference; fileEncoding = 4; lastKnownFileType = sourcecode.swift; path = ScorePresenterDelegate.swift; sourceTree = "<group>"; };
		6F3935711E8691B100226DCE /* ScoreViewControllerDelegate.swift */ = {isa = PBXFileReference; fileEncoding = 4; lastKnownFileType = sourcecode.swift; path = ScoreViewControllerDelegate.swift; sourceTree = "<group>"; };
		6F3935731E8697F500226DCE /* Score.swift */ = {isa = PBXFileReference; fileEncoding = 4; lastKnownFileType = sourcecode.swift; path = Score.swift; sourceTree = "<group>"; };
		6F3935751E869AE700226DCE /* ScoreView.swift */ = {isa = PBXFileReference; fileEncoding = 4; lastKnownFileType = sourcecode.swift; path = ScoreView.swift; sourceTree = "<group>"; };
		6F3935771E86A00D00226DCE /* ScoreResultView.swift */ = {isa = PBXFileReference; fileEncoding = 4; lastKnownFileType = sourcecode.swift; path = ScoreResultView.swift; sourceTree = "<group>"; };
		6F3935791E86A03200226DCE /* ScoreView.xib */ = {isa = PBXFileReference; fileEncoding = 4; lastKnownFileType = file.xib; path = ScoreView.xib; sourceTree = "<group>"; };
		6F39357B1E86CDAE00226DCE /* ScoreResultView.xib */ = {isa = PBXFileReference; fileEncoding = 4; lastKnownFileType = file.xib; path = ScoreResultView.xib; sourceTree = "<group>"; };
		6F39357D1E86E99D00226DCE /* UIView+Constraints.swift */ = {isa = PBXFileReference; fileEncoding = 4; lastKnownFileType = sourcecode.swift; path = "UIView+Constraints.swift"; sourceTree = "<group>"; };
		6F3AB3711E5A139400CE62CE /* GridCell.swift */ = {isa = PBXFileReference; fileEncoding = 4; lastKnownFileType = sourcecode.swift; path = GridCell.swift; sourceTree = "<group>"; };
		6F3AB3731E5A141C00CE62CE /* GridCellStatus.swift */ = {isa = PBXFileReference; fileEncoding = 4; lastKnownFileType = sourcecode.swift; path = GridCellStatus.swift; sourceTree = "<group>"; };
		6F3AB3751E5A152600CE62CE /* MutableCollection+Extension.swift */ = {isa = PBXFileReference; fileEncoding = 4; lastKnownFileType = sourcecode.swift; path = "MutableCollection+Extension.swift"; sourceTree = "<group>"; };
		6F3AB3771E5A21D100CE62CE /* FLPCollectionViewCell.xib */ = {isa = PBXFileReference; fileEncoding = 4; lastKnownFileType = file.xib; path = FLPCollectionViewCell.xib; sourceTree = "<group>"; };
		6F5579EA1E4624B4008FB1BB /* Router.swift */ = {isa = PBXFileReference; fileEncoding = 4; lastKnownFileType = sourcecode.swift; path = Router.swift; sourceTree = "<group>"; };
		6F5579EE1E462565008FB1BB /* FLPMainViewController.h */ = {isa = PBXFileReference; fileEncoding = 4; lastKnownFileType = sourcecode.c.h; path = FLPMainViewController.h; sourceTree = "<group>"; };
		6F5579EF1E462565008FB1BB /* FLPMainViewController.m */ = {isa = PBXFileReference; fileEncoding = 4; lastKnownFileType = sourcecode.c.objc; path = FLPMainViewController.m; sourceTree = "<group>"; };
		6F5579F01E462565008FB1BB /* FLPMainViewController.xib */ = {isa = PBXFileReference; fileEncoding = 4; lastKnownFileType = file.xib; path = FLPMainViewController.xib; sourceTree = "<group>"; };
		6F5579F31E46257A008FB1BB /* MainPresenter.swift */ = {isa = PBXFileReference; fileEncoding = 4; lastKnownFileType = sourcecode.swift; path = MainPresenter.swift; sourceTree = "<group>"; };
		6F5579F51E46258D008FB1BB /* MainViewControllerDelegate.swift */ = {isa = PBXFileReference; fileEncoding = 4; lastKnownFileType = sourcecode.swift; path = MainViewControllerDelegate.swift; sourceTree = "<group>"; };
		6F5579F71E46259E008FB1BB /* MainPresenterDelegate.swift */ = {isa = PBXFileReference; fileEncoding = 4; lastKnownFileType = sourcecode.swift; path = MainPresenterDelegate.swift; sourceTree = "<group>"; };
		6F557A021E462754008FB1BB /* PresenterInstances.swift */ = {isa = PBXFileReference; fileEncoding = 4; lastKnownFileType = sourcecode.swift; path = PresenterInstances.swift; sourceTree = "<group>"; };
		6F5CFE8E1F1F44940022B76F /* URL+Extension.swift */ = {isa = PBXFileReference; fileEncoding = 4; lastKnownFileType = sourcecode.swift; path = "URL+Extension.swift"; sourceTree = "<group>"; };
		6F5EA2101F2786C900B258EB /* ScoreViewDelegate.swift */ = {isa = PBXFileReference; fileEncoding = 4; lastKnownFileType = sourcecode.swift; path = ScoreViewDelegate.swift; sourceTree = "<group>"; };
		6F8782FD199BB11000AA118E /* AdSupport.framework */ = {isa = PBXFileReference; lastKnownFileType = wrapper.framework; name = AdSupport.framework; path = System/Library/Frameworks/AdSupport.framework; sourceTree = SDKROOT; };
		6F8782FF199BB11900AA118E /* AudioToolbox.framework */ = {isa = PBXFileReference; lastKnownFileType = wrapper.framework; name = AudioToolbox.framework; path = System/Library/Frameworks/AudioToolbox.framework; sourceTree = SDKROOT; };
		6F878301199BB12900AA118E /* AVFoundation.framework */ = {isa = PBXFileReference; lastKnownFileType = wrapper.framework; name = AVFoundation.framework; path = System/Library/Frameworks/AVFoundation.framework; sourceTree = SDKROOT; };
		6F878303199BB13500AA118E /* MessageUI.framework */ = {isa = PBXFileReference; lastKnownFileType = wrapper.framework; name = MessageUI.framework; path = System/Library/Frameworks/MessageUI.framework; sourceTree = SDKROOT; };
		6F878305199BB14100AA118E /* StoreKit.framework */ = {isa = PBXFileReference; lastKnownFileType = wrapper.framework; name = StoreKit.framework; path = System/Library/Frameworks/StoreKit.framework; sourceTree = SDKROOT; };
		6F878307199BB14C00AA118E /* SystemConfiguration.framework */ = {isa = PBXFileReference; lastKnownFileType = wrapper.framework; name = SystemConfiguration.framework; path = System/Library/Frameworks/SystemConfiguration.framework; sourceTree = SDKROOT; };
		6F880A511EF4391B005945A0 /* FacebookPhotos.swift */ = {isa = PBXFileReference; fileEncoding = 4; lastKnownFileType = sourcecode.swift; path = FacebookPhotos.swift; sourceTree = "<group>"; };
		6F8922C21ED7FB6B00E65D7E /* Bolts.framework */ = {isa = PBXFileReference; lastKnownFileType = wrapper.framework; name = Bolts.framework; path = "../FacebookSDKs-iOS-4.23.0/Bolts.framework"; sourceTree = "<group>"; };
		6F8922C31ED7FB6B00E65D7E /* FBSDKCoreKit.framework */ = {isa = PBXFileReference; lastKnownFileType = wrapper.framework; name = FBSDKCoreKit.framework; path = "../FacebookSDKs-iOS-4.23.0/FBSDKCoreKit.framework"; sourceTree = "<group>"; };
		6F8922C41ED7FB6B00E65D7E /* FBSDKLoginKit.framework */ = {isa = PBXFileReference; lastKnownFileType = wrapper.framework; name = FBSDKLoginKit.framework; path = "../FacebookSDKs-iOS-4.23.0/FBSDKLoginKit.framework"; sourceTree = "<group>"; };
		6F8922C51ED7FB6B00E65D7E /* FBSDKShareKit.framework */ = {isa = PBXFileReference; lastKnownFileType = wrapper.framework; name = FBSDKShareKit.framework; path = "../FacebookSDKs-iOS-4.23.0/FBSDKShareKit.framework"; sourceTree = "<group>"; };
		6F8DE3671F1CB24E00E13D41 /* Array+Extension.swift */ = {isa = PBXFileReference; fileEncoding = 4; lastKnownFileType = sourcecode.swift; path = "Array+Extension.swift"; sourceTree = "<group>"; };
		6F8DE36B1F1CD98900E13D41 /* NSArray+Extras.h */ = {isa = PBXFileReference; fileEncoding = 4; lastKnownFileType = sourcecode.c.h; path = "NSArray+Extras.h"; sourceTree = "<group>"; };
		6F8DE36C1F1CD98900E13D41 /* NSArray+Extras.m */ = {isa = PBXFileReference; fileEncoding = 4; lastKnownFileType = sourcecode.c.objc; path = "NSArray+Extras.m"; sourceTree = "<group>"; };
		6F94697B1E585A08003D102B /* AlertController.h */ = {isa = PBXFileReference; fileEncoding = 4; lastKnownFileType = sourcecode.c.h; path = AlertController.h; sourceTree = "<group>"; };
		6F94697C1E585A08003D102B /* AlertController.m */ = {isa = PBXFileReference; fileEncoding = 4; lastKnownFileType = sourcecode.c.objc; path = AlertController.m; sourceTree = "<group>"; };
		6FAD88D91A25F7FB00E08609 /* Roboto-Bold.ttf */ = {isa = PBXFileReference; lastKnownFileType = file; path = "Roboto-Bold.ttf"; sourceTree = "<group>"; };
		6FAD88DA1A25F7FB00E08609 /* Pacifico.ttf */ = {isa = PBXFileReference; lastKnownFileType = file; path = Pacifico.ttf; sourceTree = "<group>"; };
		6FAD88DB1A25F7FB00E08609 /* CantoraOne-Regular.ttf */ = {isa = PBXFileReference; lastKnownFileType = file; path = "CantoraOne-Regular.ttf"; sourceTree = "<group>"; };
		6FB0C2D11E8D92260041D108 /* LaunchScreen.storyboard */ = {isa = PBXFileReference; fileEncoding = 4; lastKnownFileType = file.storyboard; path = LaunchScreen.storyboard; sourceTree = "<group>"; };
		6FB0C2D31E8D94790041D108 /* main.m */ = {isa = PBXFileReference; fileEncoding = 4; lastKnownFileType = sourcecode.c.objc; path = main.m; sourceTree = "<group>"; };
		6FB0C2D61E8D97100041D108 /* RouterDelegate.swift */ = {isa = PBXFileReference; fileEncoding = 4; lastKnownFileType = sourcecode.swift; path = RouterDelegate.swift; sourceTree = "<group>"; };
		6FB3BEE91E474707007933CB /* FLPBaseViewController.h */ = {isa = PBXFileReference; fileEncoding = 4; lastKnownFileType = sourcecode.c.h; path = FLPBaseViewController.h; sourceTree = "<group>"; };
		6FB3BEEA1E474707007933CB /* FLPBaseViewController.m */ = {isa = PBXFileReference; fileEncoding = 4; lastKnownFileType = sourcecode.c.objc; path = FLPBaseViewController.m; sourceTree = "<group>"; };
		6FB3BEEC1E474718007933CB /* FLPBasePresenter.h */ = {isa = PBXFileReference; fileEncoding = 4; lastKnownFileType = sourcecode.c.h; path = FLPBasePresenter.h; sourceTree = "<group>"; };
		6FB3BEED1E474718007933CB /* FLPBasePresenter.m */ = {isa = PBXFileReference; fileEncoding = 4; lastKnownFileType = sourcecode.c.objc; path = FLPBasePresenter.m; sourceTree = "<group>"; };
		6FB3BEEF1E47475C007933CB /* FLPBaseViewControllerDelegate.h */ = {isa = PBXFileReference; fileEncoding = 4; lastKnownFileType = sourcecode.c.h; path = FLPBaseViewControllerDelegate.h; sourceTree = "<group>"; };
		6FB3BEF01E474773007933CB /* FLPBasePresenterDelegate.h */ = {isa = PBXFileReference; fileEncoding = 4; lastKnownFileType = sourcecode.c.h; path = FLPBasePresenterDelegate.h; sourceTree = "<group>"; };
		6FC031821E64079000857D9D /* GridColumnsAndRows.swift */ = {isa = PBXFileReference; fileEncoding = 4; lastKnownFileType = sourcecode.swift; path = GridColumnsAndRows.swift; sourceTree = "<group>"; };
		6FDB63F91E462E6D00A0DF1D /* Flip-Bridging-Header.h */ = {isa = PBXFileReference; fileEncoding = 4; lastKnownFileType = sourcecode.c.h; path = "Flip-Bridging-Header.h"; sourceTree = "<group>"; };
		6FE7F5EF1EC7511900D409AD /* Accounts.framework */ = {isa = PBXFileReference; lastKnownFileType = wrapper.framework; name = Accounts.framework; path = System/Library/Frameworks/Accounts.framework; sourceTree = SDKROOT; };
		6FEEC3441E6981460077BECA /* GridCollectionControllerDelegate.swift */ = {isa = PBXFileReference; fileEncoding = 4; lastKnownFileType = sourcecode.swift; path = GridCollectionControllerDelegate.swift; sourceTree = "<group>"; };
		6FF528E31E4F6A7A0081747E /* SourceView.swift */ = {isa = PBXFileReference; fileEncoding = 4; lastKnownFileType = sourcecode.swift; path = SourceView.swift; sourceTree = "<group>"; };
		6FF528E51E4F6A8B0081747E /* SourceView.xib */ = {isa = PBXFileReference; fileEncoding = 4; lastKnownFileType = file.xib; path = SourceView.xib; sourceTree = "<group>"; };
		6FF528E71E4F71EE0081747E /* SourceViewDelegate.swift */ = {isa = PBXFileReference; fileEncoding = 4; lastKnownFileType = sourcecode.swift; path = SourceViewDelegate.swift; sourceTree = "<group>"; };
		6FF528E91E4F75950081747E /* TitleView.swift */ = {isa = PBXFileReference; fileEncoding = 4; lastKnownFileType = sourcecode.swift; path = TitleView.swift; sourceTree = "<group>"; };
		6FF528EB1E4F75AC0081747E /* TitleView.xib */ = {isa = PBXFileReference; fileEncoding = 4; lastKnownFileType = file.xib; path = TitleView.xib; sourceTree = "<group>"; };
		6FF528EF1E4F78430081747E /* UIViewFromNib.swift */ = {isa = PBXFileReference; fileEncoding = 4; lastKnownFileType = sourcecode.swift; path = UIViewFromNib.swift; sourceTree = "<group>"; };
		6FF528F21E4F8BF60081747E /* RecordsView.swift */ = {isa = PBXFileReference; fileEncoding = 4; lastKnownFileType = sourcecode.swift; path = RecordsView.swift; sourceTree = "<group>"; };
		6FF528F41E4F8C020081747E /* RecordsView.xib */ = {isa = PBXFileReference; fileEncoding = 4; lastKnownFileType = file.xib; path = RecordsView.xib; sourceTree = "<group>"; };
		6FF528F61E4F91E10081747E /* RecordsViewDelegate.swift */ = {isa = PBXFileReference; fileEncoding = 4; lastKnownFileType = sourcecode.swift; path = RecordsViewDelegate.swift; sourceTree = "<group>"; };
		6FF58537197FCA5800926DF9 /* AssetsLibrary.framework */ = {isa = PBXFileReference; lastKnownFileType = wrapper.framework; name = AssetsLibrary.framework; path = System/Library/Frameworks/AssetsLibrary.framework; sourceTree = SDKROOT; };
		6FF999051E8806B800FAD8B3 /* Records.swift */ = {isa = PBXFileReference; fileEncoding = 4; lastKnownFileType = sourcecode.swift; path = Records.swift; sourceTree = "<group>"; };
		6FF999081E88074B00FAD8B3 /* DataSourceDelegate.swift */ = {isa = PBXFileReference; fileEncoding = 4; lastKnownFileType = sourcecode.swift; path = DataSourceDelegate.swift; sourceTree = "<group>"; };
		6FF9990A1E88075C00FAD8B3 /* DataSource.swift */ = {isa = PBXFileReference; fileEncoding = 4; lastKnownFileType = sourcecode.swift; path = DataSource.swift; sourceTree = "<group>"; };
		95E0931B45ECDDB951B95986 /* Pods_Flip.framework */ = {isa = PBXFileReference; explicitFileType = wrapper.framework; includeInIndex = 0; path = Pods_Flip.framework; sourceTree = BUILT_PRODUCTS_DIR; };
		B20AB7D3B76985FEE233FB5B /* Pods-Flip.debug.xcconfig */ = {isa = PBXFileReference; includeInIndex = 1; lastKnownFileType = text.xcconfig; name = "Pods-Flip.debug.xcconfig"; path = "Pods/Target Support Files/Pods-Flip/Pods-Flip.debug.xcconfig"; sourceTree = "<group>"; };
		EBC66B07440B4166BA92308A /* libPods.a */ = {isa = PBXFileReference; explicitFileType = archive.ar; includeInIndex = 0; path = libPods.a; sourceTree = BUILT_PRODUCTS_DIR; };
		EE9AD0BCCD5D4D4189AC8FF4 /* Pods_FlipTests.framework */ = {isa = PBXFileReference; explicitFileType = wrapper.framework; includeInIndex = 0; path = Pods_FlipTests.framework; sourceTree = BUILT_PRODUCTS_DIR; };
/* End PBXFileReference section */

/* Begin PBXFrameworksBuildPhase section */
		6F1AA1521973EAA400101766 /* Frameworks */ = {
			isa = PBXFrameworksBuildPhase;
			buildActionMask = 2147483647;
			files = (
				6F12DA021F1E28AB0020A60F /* Photos.framework in Frameworks */,
				6F878308199BB14C00AA118E /* SystemConfiguration.framework in Frameworks */,
				6F878306199BB14100AA118E /* StoreKit.framework in Frameworks */,
				6F8922C91ED7FB6B00E65D7E /* FBSDKShareKit.framework in Frameworks */,
				6F878304199BB13500AA118E /* MessageUI.framework in Frameworks */,
				6F8922C61ED7FB6B00E65D7E /* Bolts.framework in Frameworks */,
				6F8922C81ED7FB6B00E65D7E /* FBSDKLoginKit.framework in Frameworks */,
				6F878302199BB12900AA118E /* AVFoundation.framework in Frameworks */,
				6F878300199BB11900AA118E /* AudioToolbox.framework in Frameworks */,
				6F8782FE199BB11000AA118E /* AdSupport.framework in Frameworks */,
				6FF58538197FCA5800926DF9 /* AssetsLibrary.framework in Frameworks */,
				6F8922C71ED7FB6B00E65D7E /* FBSDKCoreKit.framework in Frameworks */,
				6F1AA15B1973EAA400101766 /* CoreGraphics.framework in Frameworks */,
				6F1AA1591973EAA400101766 /* Foundation.framework in Frameworks */,
				6F1AA15D1973EAA400101766 /* UIKit.framework in Frameworks */,
				C4AA718B0627E08BE2AA2523 /* Pods_Flip.framework in Frameworks */,
			);
			runOnlyForDeploymentPostprocessing = 0;
		};
		6F1AA1761973EAA400101766 /* Frameworks */ = {
			isa = PBXFrameworksBuildPhase;
			buildActionMask = 2147483647;
			files = (
				6F1AA17B1973EAA400101766 /* XCTest.framework in Frameworks */,
				6F1AA17D1973EAA500101766 /* UIKit.framework in Frameworks */,
				6F1AA17C1973EAA500101766 /* Foundation.framework in Frameworks */,
				839DC0DE5FB00BF04E124135 /* Pods_FlipTests.framework in Frameworks */,
			);
			runOnlyForDeploymentPostprocessing = 0;
		};
/* End PBXFrameworksBuildPhase section */

/* Begin PBXGroup section */
		6F103A611E56D156007C0E21 /* grid */ = {
			isa = PBXGroup;
			children = (
				6F3AB3771E5A21D100CE62CE /* FLPCollectionViewCell.xib */,
				6F33AC7A1998C14000FBF9C4 /* FLPCollectionViewCell.h */,
				6F33AC7B1998C14000FBF9C4 /* FLPCollectionViewCell.m */,
				6FC031821E64079000857D9D /* GridColumnsAndRows.swift */,
				6F039E5A1E63393400236FC9 /* GridCollectionController.swift */,
				6FEEC3441E6981460077BECA /* GridCollectionControllerDelegate.swift */,
				6F103A641E56D189007C0E21 /* FLPGridViewController.xib */,
				6F103A621E56D189007C0E21 /* FLPGridViewController.h */,
				6F103A631E56D189007C0E21 /* FLPGridViewController.m */,
				6F103A671E56D1A9007C0E21 /* GridViewControllerDelegate.swift */,
				6F103A6B1E56D1F4007C0E21 /* GridPresenterDelegate.swift */,
				6F103A691E56D1CD007C0E21 /* GridPresenter.swift */,
			);
			name = grid;
			sourceTree = "<group>";
		};
		6F19F69719A3A8470047F269 /* sounds */ = {
			isa = PBXGroup;
			children = (
				6F19F69A19A3A8870047F269 /* camera-shutter-click-01.wav */,
				6F19F69C19A3AC760047F269 /* polaroid-camera-take-picture-01.wav */,
			);
			name = sounds;
			sourceTree = "<group>";
		};
		6F1AA14C1973EAA400101766 = {
			isa = PBXGroup;
			children = (
				6F1AA15E1973EAA400101766 /* Flip */,
				6F1AA1801973EAA500101766 /* FlipTests */,
				6F1AA1571973EAA400101766 /* Frameworks */,
				6F1AA1561973EAA400101766 /* Products */,
				E9A7C30AF8ACBCEA611BDD4C /* Pods */,
			);
			sourceTree = "<group>";
		};
		6F1AA1561973EAA400101766 /* Products */ = {
			isa = PBXGroup;
			children = (
				6F1AA1551973EAA400101766 /* Flip.app */,
				6F1AA1791973EAA400101766 /* FlipTests.xctest */,
			);
			name = Products;
			sourceTree = "<group>";
		};
		6F1AA1571973EAA400101766 /* Frameworks */ = {
			isa = PBXGroup;
			children = (
				6F12DA011F1E28AB0020A60F /* Photos.framework */,
				6F8922C21ED7FB6B00E65D7E /* Bolts.framework */,
				6F8922C31ED7FB6B00E65D7E /* FBSDKCoreKit.framework */,
				6F8922C41ED7FB6B00E65D7E /* FBSDKLoginKit.framework */,
				6F8922C51ED7FB6B00E65D7E /* FBSDKShareKit.framework */,
				6FE7F5EF1EC7511900D409AD /* Accounts.framework */,
				6F878307199BB14C00AA118E /* SystemConfiguration.framework */,
				6F878305199BB14100AA118E /* StoreKit.framework */,
				6F878303199BB13500AA118E /* MessageUI.framework */,
				6F878301199BB12900AA118E /* AVFoundation.framework */,
				6F8782FF199BB11900AA118E /* AudioToolbox.framework */,
				6F8782FD199BB11000AA118E /* AdSupport.framework */,
				EBC66B07440B4166BA92308A /* libPods.a */,
				6FF58537197FCA5800926DF9 /* AssetsLibrary.framework */,
				6F1AA15A1973EAA400101766 /* CoreGraphics.framework */,
				6F1AA1581973EAA400101766 /* Foundation.framework */,
				6F1AA15C1973EAA400101766 /* UIKit.framework */,
				6F1AA17A1973EAA400101766 /* XCTest.framework */,
				95E0931B45ECDDB951B95986 /* Pods_Flip.framework */,
				EE9AD0BCCD5D4D4189AC8FF4 /* Pods_FlipTests.framework */,
			);
			name = Frameworks;
			sourceTree = "<group>";
		};
		6F1AA15E1973EAA400101766 /* Flip */ = {
			isa = PBXGroup;
			children = (
				6F5579E81E46249D008FB1BB /* app navigation */,
				6F5579F91E4625C6008FB1BB /* base classes */,
				6F5579EC1E4624FD008FB1BB /* use cases */,
				6F3AB3701E5A136F00CE62CE /* models */,
				6FF999071E88070A00FAD8B3 /* data */,
				6F67A355197FD17F00AC9CF5 /* utils */,
				6F5EA20F1F27824B00B258EB /* assets */,
				6F1AA15F1973EAA400101766 /* Supporting Files */,
				6F1AA1671973EAA400101766 /* FLPAppDelegate.h */,
				6F26EA8C1E8FB29D00820FD2 /* FLPAppDelegate.m */,
			);
			path = Flip;
			sourceTree = "<group>";
		};
		6F1AA15F1973EAA400101766 /* Supporting Files */ = {
			isa = PBXGroup;
			children = (
				6F26EA8E1E8FB3A200820FD2 /* TwitterKeys.plist */,
				6FB0C2D31E8D94790041D108 /* main.m */,
				6FB0C2D11E8D92260041D108 /* LaunchScreen.storyboard */,
				6F1AA1601973EAA400101766 /* Flip-Info.plist */,
				6F1AA1661973EAA400101766 /* Flip-Prefix.pch */,
				6F1AA19B1973FE9900101766 /* Localizable.strings */,
				6FDB63F91E462E6D00A0DF1D /* Flip-Bridging-Header.h */,
			);
			name = "Supporting Files";
			sourceTree = "<group>";
		};
		6F1AA1801973EAA500101766 /* FlipTests */ = {
			isa = PBXGroup;
			children = (
				6F1AA1861973EAA500101766 /* FlipTests.m */,
				6F1AA1811973EAA500101766 /* Supporting Files */,
			);
			path = FlipTests;
			sourceTree = "<group>";
		};
		6F1AA1811973EAA500101766 /* Supporting Files */ = {
			isa = PBXGroup;
			children = (
				6F1AA1821973EAA500101766 /* FlipTests-Info.plist */,
				6F1AA1831973EAA500101766 /* InfoPlist.strings */,
			);
			name = "Supporting Files";
			sourceTree = "<group>";
		};
		6F26EA871E8FA5E000820FD2 /* defaults */ = {
			isa = PBXGroup;
			children = (
				6F26EA881E8FA5F400820FD2 /* Defaults.swift */,
				6F26EA891E8FA5F400820FD2 /* DefaultsDelegate.swift */,
			);
			name = defaults;
			sourceTree = "<group>";
		};
		6F26EA901E8FB56D00820FD2 /* photos */ = {
			isa = PBXGroup;
			children = (
				6F26EA931E8FB5EE00820FD2 /* FLPTwitterPhotos.h */,
				6F26EA941E8FB5EE00820FD2 /* FLPTwitterPhotos.m */,
				6F880A511EF4391B005945A0 /* FacebookPhotos.swift */,
				6F12D9FF1F1E23950020A60F /* CameraPhotos.swift */,
			);
			name = photos;
			sourceTree = "<group>";
		};
		6F3935671E86913700226DCE /* score */ = {
			isa = PBXGroup;
			children = (
				6F39357B1E86CDAE00226DCE /* ScoreResultView.xib */,
				6F3935771E86A00D00226DCE /* ScoreResultView.swift */,
				6F3935791E86A03200226DCE /* ScoreView.xib */,
				6F3935751E869AE700226DCE /* ScoreView.swift */,
				6F5EA2101F2786C900B258EB /* ScoreViewDelegate.swift */,
				6F39356A1E86918200226DCE /* FLPScoreViewController.xib */,
				6F3935681E86918200226DCE /* FLPScoreViewController.h */,
				6F3935691E86918200226DCE /* FLPScoreViewController.m */,
				6F3935711E8691B100226DCE /* ScoreViewControllerDelegate.swift */,
				6F39356F1E8691A200226DCE /* ScorePresenterDelegate.swift */,
				6F39356D1E86919600226DCE /* ScorePresenter.swift */,
			);
			name = score;
			sourceTree = "<group>";
		};
		6F3AB3701E5A136F00CE62CE /* models */ = {
			isa = PBXGroup;
			children = (
				6F3AB3711E5A139400CE62CE /* GridCell.swift */,
				6F3AB3731E5A141C00CE62CE /* GridCellStatus.swift */,
				6F3935731E8697F500226DCE /* Score.swift */,
				6FF999051E8806B800FAD8B3 /* Records.swift */,
			);
			name = models;
			sourceTree = "<group>";
		};
		6F5579E81E46249D008FB1BB /* app navigation */ = {
			isa = PBXGroup;
			children = (
				6F557A021E462754008FB1BB /* PresenterInstances.swift */,
				6F5579EA1E4624B4008FB1BB /* Router.swift */,
				6FB0C2D61E8D97100041D108 /* RouterDelegate.swift */,
			);
			name = "app navigation";
			sourceTree = "<group>";
		};
		6F5579EC1E4624FD008FB1BB /* use cases */ = {
			isa = PBXGroup;
			children = (
				6F5579ED1E462514008FB1BB /* main */,
				6F103A611E56D156007C0E21 /* grid */,
				6F3935671E86913700226DCE /* score */,
			);
			name = "use cases";
			sourceTree = "<group>";
		};
		6F5579ED1E462514008FB1BB /* main */ = {
			isa = PBXGroup;
			children = (
				6F22B29A1E50766900237258 /* SizeView.xib */,
				6F22B2981E50765D00237258 /* SizeView.swift */,
				6F22B29C1E50767500237258 /* SizeViewDelegate.swift */,
				6FF528E51E4F6A8B0081747E /* SourceView.xib */,
				6FF528E31E4F6A7A0081747E /* SourceView.swift */,
				6FF528E71E4F71EE0081747E /* SourceViewDelegate.swift */,
				6FF528F41E4F8C020081747E /* RecordsView.xib */,
				6FF528F21E4F8BF60081747E /* RecordsView.swift */,
				6FF528F61E4F91E10081747E /* RecordsViewDelegate.swift */,
				6F03D18519A678DE003EE79B /* FLPTitleLetterView.h */,
				6F03D18619A678DE003EE79B /* FLPTitleLetterView.m */,
				6FF528EB1E4F75AC0081747E /* TitleView.xib */,
				6FF528E91E4F75950081747E /* TitleView.swift */,
				6F5579F01E462565008FB1BB /* FLPMainViewController.xib */,
				6F5579EE1E462565008FB1BB /* FLPMainViewController.h */,
				6F5579EF1E462565008FB1BB /* FLPMainViewController.m */,
				6F5579F51E46258D008FB1BB /* MainViewControllerDelegate.swift */,
				6F5579F71E46259E008FB1BB /* MainPresenterDelegate.swift */,
				6F5579F31E46257A008FB1BB /* MainPresenter.swift */,
			);
			name = main;
			sourceTree = "<group>";
		};
		6F5579F91E4625C6008FB1BB /* base classes */ = {
			isa = PBXGroup;
			children = (
				6FB3BEE91E474707007933CB /* FLPBaseViewController.h */,
				6FB3BEEA1E474707007933CB /* FLPBaseViewController.m */,
				6FB3BEEF1E47475C007933CB /* FLPBaseViewControllerDelegate.h */,
				6FB3BEF01E474773007933CB /* FLPBasePresenterDelegate.h */,
				6FB3BEEC1E474718007933CB /* FLPBasePresenter.h */,
				6FB3BEED1E474718007933CB /* FLPBasePresenter.m */,
			);
			name = "base classes";
			sourceTree = "<group>";
		};
		6F55BE8C19A1616E00FC60E7 /* fonts */ = {
			isa = PBXGroup;
			children = (
				6FAD88D91A25F7FB00E08609 /* Roboto-Bold.ttf */,
				6FAD88DA1A25F7FB00E08609 /* Pacifico.ttf */,
				6FAD88DB1A25F7FB00E08609 /* CantoraOne-Regular.ttf */,
			);
			name = fonts;
			sourceTree = "<group>";
		};
		6F5EA20F1F27824B00B258EB /* assets */ = {
			isa = PBXGroup;
			children = (
				6F94695E1E584DB1003D102B /* images */,
				6F19F69719A3A8470047F269 /* sounds */,
				6F55BE8C19A1616E00FC60E7 /* fonts */,
			);
			name = assets;
			sourceTree = "<group>";
		};
		6F67A355197FD17F00AC9CF5 /* utils */ = {
			isa = PBXGroup;
			children = (
				6FF528F11E4F78C70081747E /* subclasses */,
				6FF528F81E4F96E50081747E /* extensions */,
				6F8DE3691F1CD8E300E13D41 /* categories */,
				6F38449B1E9006E600CD4472 /* ImageDownloader.swift */,
				6F94697B1E585A08003D102B /* AlertController.h */,
				6F94697C1E585A08003D102B /* AlertController.m */,
				6F039E5C1E633DEA00236FC9 /* DWPDevice.h */,
				6F039E5D1E633DEA00236FC9 /* DWPDevice.m */,
				6F12D9F91F1DEC320020A60F /* Reachability.h */,
				6F12D9FA1F1DEC320020A60F /* Reachability.m */,
			);
			name = utils;
			sourceTree = "<group>";
		};
		6F8DE3691F1CD8E300E13D41 /* categories */ = {
			isa = PBXGroup;
			children = (
				6F8DE36B1F1CD98900E13D41 /* NSArray+Extras.h */,
				6F8DE36C1F1CD98900E13D41 /* NSArray+Extras.m */,
			);
			name = categories;
			sourceTree = "<group>";
		};
		6F94695E1E584DB1003D102B /* images */ = {
			isa = PBXGroup;
			children = (
				6F1AA1731973EAA400101766 /* Images.xcassets */,
			);
			name = images;
			sourceTree = "<group>";
		};
		6FF528F11E4F78C70081747E /* subclasses */ = {
			isa = PBXGroup;
			children = (
				6FF528EF1E4F78430081747E /* UIViewFromNib.swift */,
			);
			name = subclasses;
			sourceTree = "<group>";
		};
		6FF528F81E4F96E50081747E /* extensions */ = {
			isa = PBXGroup;
			children = (
				6F39357D1E86E99D00226DCE /* UIView+Constraints.swift */,
				6F3AB3751E5A152600CE62CE /* MutableCollection+Extension.swift */,
				6F8DE3671F1CB24E00E13D41 /* Array+Extension.swift */,
				6F5CFE8E1F1F44940022B76F /* URL+Extension.swift */,
			);
			name = extensions;
			sourceTree = "<group>";
		};
		6FF999071E88070A00FAD8B3 /* data */ = {
			isa = PBXGroup;
			children = (
				6F26EA901E8FB56D00820FD2 /* photos */,
				6F26EA871E8FA5E000820FD2 /* defaults */,
				6FF9990A1E88075C00FAD8B3 /* DataSource.swift */,
				6FF999081E88074B00FAD8B3 /* DataSourceDelegate.swift */,
			);
			name = data;
			sourceTree = "<group>";
		};
		E9A7C30AF8ACBCEA611BDD4C /* Pods */ = {
			isa = PBXGroup;
			children = (
				612618E1383860C51F74F5A6 /* Pods.debug.xcconfig */,
				2A685E8F8CC418FD8843760A /* Pods.release.xcconfig */,
				B20AB7D3B76985FEE233FB5B /* Pods-Flip.debug.xcconfig */,
				4BBCAE98D7219A1863DA7EFE /* Pods-Flip.release.xcconfig */,
				64A060032C00B166A7B24DFB /* Pods-FlipTests.debug.xcconfig */,
				16674C4E04FA375117C4F89C /* Pods-FlipTests.release.xcconfig */,
			);
			name = Pods;
			sourceTree = "<group>";
		};
/* End PBXGroup section */

/* Begin PBXNativeTarget section */
		6F1AA1541973EAA400101766 /* Flip */ = {
			isa = PBXNativeTarget;
			buildConfigurationList = 6F1AA18A1973EAA500101766 /* Build configuration list for PBXNativeTarget "Flip" */;
			buildPhases = (
				A60BE52257E64D8FAD181183 /* [CP] Check Pods Manifest.lock */,
				6F1AA1511973EAA400101766 /* Sources */,
				6F1AA1521973EAA400101766 /* Frameworks */,
				6F1AA1531973EAA400101766 /* Resources */,
				692563B79FB840DB83DCE0B3 /* [CP] Copy Pods Resources */,
				C8ECF3D9A57682665A4B62DA /* [CP] Embed Pods Frameworks */,
			);
			buildRules = (
			);
			dependencies = (
			);
			name = Flip;
			productName = Flip;
			productReference = 6F1AA1551973EAA400101766 /* Flip.app */;
			productType = "com.apple.product-type.application";
		};
		6F1AA1781973EAA400101766 /* FlipTests */ = {
			isa = PBXNativeTarget;
			buildConfigurationList = 6F1AA18D1973EAA500101766 /* Build configuration list for PBXNativeTarget "FlipTests" */;
			buildPhases = (
				DF06EF7A186EC5A3ADDE3F50 /* [CP] Check Pods Manifest.lock */,
				6F1AA1751973EAA400101766 /* Sources */,
				6F1AA1761973EAA400101766 /* Frameworks */,
				6F1AA1771973EAA400101766 /* Resources */,
				19D51DBEFFC62B96AE549811 /* [CP] Embed Pods Frameworks */,
				CD540DD6C7CEB6A091928F76 /* [CP] Copy Pods Resources */,
			);
			buildRules = (
			);
			dependencies = (
				6F1AA17F1973EAA500101766 /* PBXTargetDependency */,
			);
			name = FlipTests;
			productName = FlipTests;
			productReference = 6F1AA1791973EAA400101766 /* FlipTests.xctest */;
			productType = "com.apple.product-type.bundle.unit-test";
		};
/* End PBXNativeTarget section */

/* Begin PBXProject section */
		6F1AA14D1973EAA400101766 /* Project object */ = {
			isa = PBXProject;
			attributes = {
				CLASSPREFIX = FLP;
				LastUpgradeCheck = 0830;
				ORGANIZATIONNAME = MobiOak;
				TargetAttributes = {
					6F1AA1541973EAA400101766 = {
						DevelopmentTeam = X7FQ3DUR48;
						LastSwiftMigration = 0820;
						ProvisioningStyle = Automatic;
					};
					6F1AA1781973EAA400101766 = {
						DevelopmentTeam = X7FQ3DUR48;
						TestTargetID = 6F1AA1541973EAA400101766;
					};
				};
			};
			buildConfigurationList = 6F1AA1501973EAA400101766 /* Build configuration list for PBXProject "Flip" */;
			compatibilityVersion = "Xcode 3.2";
			developmentRegion = English;
			hasScannedForEncodings = 0;
			knownRegions = (
				en,
				Base,
				es,
			);
			mainGroup = 6F1AA14C1973EAA400101766;
			productRefGroup = 6F1AA1561973EAA400101766 /* Products */;
			projectDirPath = "";
			projectRoot = "";
			targets = (
				6F1AA1541973EAA400101766 /* Flip */,
				6F1AA1781973EAA400101766 /* FlipTests */,
			);
		};
/* End PBXProject section */

/* Begin PBXResourcesBuildPhase section */
		6F1AA1531973EAA400101766 /* Resources */ = {
			isa = PBXResourcesBuildPhase;
			buildActionMask = 2147483647;
			files = (
				6F26EA8F1E8FB3A200820FD2 /* TwitterKeys.plist in Resources */,
				6F103A661E56D189007C0E21 /* FLPGridViewController.xib in Resources */,
				6F3AB3781E5A21D100CE62CE /* FLPCollectionViewCell.xib in Resources */,
				6FB0C2D21E8D92260041D108 /* LaunchScreen.storyboard in Resources */,
				6F22B29B1E50766900237258 /* SizeView.xib in Resources */,
				6F39356C1E86918200226DCE /* FLPScoreViewController.xib in Resources */,
				6FF528E61E4F6A8B0081747E /* SourceView.xib in Resources */,
				6F39357C1E86CDAE00226DCE /* ScoreResultView.xib in Resources */,
				6F1AA1741973EAA400101766 /* Images.xcassets in Resources */,
				6F5579F21E462565008FB1BB /* FLPMainViewController.xib in Resources */,
				6F19F69B19A3A8870047F269 /* camera-shutter-click-01.wav in Resources */,
				6F1AA1991973FE9900101766 /* Localizable.strings in Resources */,
				6FAD88DC1A25F7FB00E08609 /* Roboto-Bold.ttf in Resources */,
				6F39357A1E86A03200226DCE /* ScoreView.xib in Resources */,
				6FAD88DE1A25F7FB00E08609 /* Pacifico.ttf in Resources */,
				6FAD88E01A25F7FB00E08609 /* CantoraOne-Regular.ttf in Resources */,
				6F19F69D19A3AC760047F269 /* polaroid-camera-take-picture-01.wav in Resources */,
				6FF528F51E4F8C020081747E /* RecordsView.xib in Resources */,
				6FF528EC1E4F75AC0081747E /* TitleView.xib in Resources */,
			);
			runOnlyForDeploymentPostprocessing = 0;
		};
		6F1AA1771973EAA400101766 /* Resources */ = {
			isa = PBXResourcesBuildPhase;
			buildActionMask = 2147483647;
			files = (
				6FAD88DD1A25F7FB00E08609 /* Roboto-Bold.ttf in Resources */,
				6F1AA1851973EAA500101766 /* InfoPlist.strings in Resources */,
				6FAD88DF1A25F7FB00E08609 /* Pacifico.ttf in Resources */,
				6FAD88E11A25F7FB00E08609 /* CantoraOne-Regular.ttf in Resources */,
			);
			runOnlyForDeploymentPostprocessing = 0;
		};
/* End PBXResourcesBuildPhase section */

/* Begin PBXShellScriptBuildPhase section */
		19D51DBEFFC62B96AE549811 /* [CP] Embed Pods Frameworks */ = {
			isa = PBXShellScriptBuildPhase;
			buildActionMask = 2147483647;
			files = (
			);
			inputPaths = (
			);
			name = "[CP] Embed Pods Frameworks";
			outputPaths = (
			);
			runOnlyForDeploymentPostprocessing = 0;
			shellPath = /bin/sh;
			shellScript = "\"${SRCROOT}/Pods/Target Support Files/Pods-FlipTests/Pods-FlipTests-frameworks.sh\"\n";
			showEnvVarsInLog = 0;
		};
		692563B79FB840DB83DCE0B3 /* [CP] Copy Pods Resources */ = {
			isa = PBXShellScriptBuildPhase;
			buildActionMask = 2147483647;
			files = (
			);
			inputPaths = (
			);
			name = "[CP] Copy Pods Resources";
			outputPaths = (
			);
			runOnlyForDeploymentPostprocessing = 0;
			shellPath = /bin/sh;
			shellScript = "\"${SRCROOT}/Pods/Target Support Files/Pods-Flip/Pods-Flip-resources.sh\"\n";
			showEnvVarsInLog = 0;
		};
		A60BE52257E64D8FAD181183 /* [CP] Check Pods Manifest.lock */ = {
			isa = PBXShellScriptBuildPhase;
			buildActionMask = 2147483647;
			files = (
			);
			inputPaths = (
			);
			name = "[CP] Check Pods Manifest.lock";
			outputPaths = (
			);
			runOnlyForDeploymentPostprocessing = 0;
			shellPath = /bin/sh;
			shellScript = "diff \"${PODS_PODFILE_DIR_PATH}/Podfile.lock\" \"${PODS_ROOT}/Manifest.lock\" > /dev/null\nif [ $? != 0 ] ; then\n    # print error to STDERR\n    echo \"error: The sandbox is not in sync with the Podfile.lock. Run 'pod install' or update your CocoaPods installation.\" >&2\n    exit 1\nfi\n";
			showEnvVarsInLog = 0;
		};
		C8ECF3D9A57682665A4B62DA /* [CP] Embed Pods Frameworks */ = {
			isa = PBXShellScriptBuildPhase;
			buildActionMask = 2147483647;
			files = (
			);
			inputPaths = (
			);
			name = "[CP] Embed Pods Frameworks";
			outputPaths = (
			);
			runOnlyForDeploymentPostprocessing = 0;
			shellPath = /bin/sh;
			shellScript = "\"${SRCROOT}/Pods/Target Support Files/Pods-Flip/Pods-Flip-frameworks.sh\"\n";
			showEnvVarsInLog = 0;
		};
		CD540DD6C7CEB6A091928F76 /* [CP] Copy Pods Resources */ = {
			isa = PBXShellScriptBuildPhase;
			buildActionMask = 2147483647;
			files = (
			);
			inputPaths = (
			);
			name = "[CP] Copy Pods Resources";
			outputPaths = (
			);
			runOnlyForDeploymentPostprocessing = 0;
			shellPath = /bin/sh;
			shellScript = "\"${SRCROOT}/Pods/Target Support Files/Pods-FlipTests/Pods-FlipTests-resources.sh\"\n";
			showEnvVarsInLog = 0;
		};
		DF06EF7A186EC5A3ADDE3F50 /* [CP] Check Pods Manifest.lock */ = {
			isa = PBXShellScriptBuildPhase;
			buildActionMask = 2147483647;
			files = (
			);
			inputPaths = (
			);
			name = "[CP] Check Pods Manifest.lock";
			outputPaths = (
			);
			runOnlyForDeploymentPostprocessing = 0;
			shellPath = /bin/sh;
			shellScript = "diff \"${PODS_PODFILE_DIR_PATH}/Podfile.lock\" \"${PODS_ROOT}/Manifest.lock\" > /dev/null\nif [ $? != 0 ] ; then\n    # print error to STDERR\n    echo \"error: The sandbox is not in sync with the Podfile.lock. Run 'pod install' or update your CocoaPods installation.\" >&2\n    exit 1\nfi\n";
			showEnvVarsInLog = 0;
		};
/* End PBXShellScriptBuildPhase section */

/* Begin PBXSourcesBuildPhase section */
		6F1AA1511973EAA400101766 /* Sources */ = {
			isa = PBXSourcesBuildPhase;
			buildActionMask = 2147483647;
			files = (
				6FB0C2D51E8D94D90041D108 /* FLPMainViewController.m in Sources */,
				6F557A031E462754008FB1BB /* PresenterInstances.swift in Sources */,
				6F39356B1E86918200226DCE /* FLPScoreViewController.m in Sources */,
				6FF528EA1E4F75950081747E /* TitleView.swift in Sources */,
				6F103A681E56D1A9007C0E21 /* GridViewControllerDelegate.swift in Sources */,
				6F5CFE8F1F1F44940022B76F /* URL+Extension.swift in Sources */,
				6F3935721E8691B100226DCE /* ScoreViewControllerDelegate.swift in Sources */,
				6F12DA001F1E23950020A60F /* CameraPhotos.swift in Sources */,
				6F103A6C1E56D1F4007C0E21 /* GridPresenterDelegate.swift in Sources */,
				6F94697D1E585A08003D102B /* AlertController.m in Sources */,
				6F5579EB1E4624B4008FB1BB /* Router.swift in Sources */,
				6FF528E41E4F6A7A0081747E /* SourceView.swift in Sources */,
				6FF9990B1E88075C00FAD8B3 /* DataSource.swift in Sources */,
				6F880A521EF4391B005945A0 /* FacebookPhotos.swift in Sources */,
				6F03D18719A678DE003EE79B /* FLPTitleLetterView.m in Sources */,
				6F3AB3741E5A141C00CE62CE /* GridCellStatus.swift in Sources */,
				6F22B2991E50765D00237258 /* SizeView.swift in Sources */,
				6F3935781E86A00D00226DCE /* ScoreResultView.swift in Sources */,
				6F103A651E56D189007C0E21 /* FLPGridViewController.m in Sources */,
				6F39356E1E86919600226DCE /* ScorePresenter.swift in Sources */,
				6F5579F61E46258D008FB1BB /* MainViewControllerDelegate.swift in Sources */,
				6F33AC7C1998C14000FBF9C4 /* FLPCollectionViewCell.m in Sources */,
				6FF528E81E4F71EE0081747E /* SourceViewDelegate.swift in Sources */,
				6F5579F81E46259E008FB1BB /* MainPresenterDelegate.swift in Sources */,
				6F26EA8D1E8FB29D00820FD2 /* FLPAppDelegate.m in Sources */,
				6FB3BEEE1E474718007933CB /* FLPBasePresenter.m in Sources */,
				6FF999061E8806B800FAD8B3 /* Records.swift in Sources */,
				6F039E5B1E63393400236FC9 /* GridCollectionController.swift in Sources */,
				6F12D9FB1F1DEC320020A60F /* Reachability.m in Sources */,
				6FB0C2D41E8D94790041D108 /* main.m in Sources */,
				6F039E5E1E633DEA00236FC9 /* DWPDevice.m in Sources */,
				6F3935741E8697F500226DCE /* Score.swift in Sources */,
				6F5579F41E46257A008FB1BB /* MainPresenter.swift in Sources */,
				6F3935761E869AE700226DCE /* ScoreView.swift in Sources */,
				6F8DE3681F1CB24E00E13D41 /* Array+Extension.swift in Sources */,
				6FC031831E64079000857D9D /* GridColumnsAndRows.swift in Sources */,
				6FF528F71E4F91E10081747E /* RecordsViewDelegate.swift in Sources */,
				6F3AB3761E5A152600CE62CE /* MutableCollection+Extension.swift in Sources */,
				6FB0C2D71E8D97100041D108 /* RouterDelegate.swift in Sources */,
				6F38449C1E9006E600CD4472 /* ImageDownloader.swift in Sources */,
				6F5EA2111F2786C900B258EB /* ScoreViewDelegate.swift in Sources */,
				6FEEC3451E6981460077BECA /* GridCollectionControllerDelegate.swift in Sources */,
				6F26EA951E8FB5EE00820FD2 /* FLPTwitterPhotos.m in Sources */,
				6F3935701E8691A200226DCE /* ScorePresenterDelegate.swift in Sources */,
				6FF999091E88074B00FAD8B3 /* DataSourceDelegate.swift in Sources */,
				6FF528F01E4F78430081747E /* UIViewFromNib.swift in Sources */,
				6F8DE36D1F1CD98900E13D41 /* NSArray+Extras.m in Sources */,
				6F103A6A1E56D1CD007C0E21 /* GridPresenter.swift in Sources */,
				6F26EA8B1E8FA5F400820FD2 /* DefaultsDelegate.swift in Sources */,
				6F22B29D1E50767500237258 /* SizeViewDelegate.swift in Sources */,
				6F26EA8A1E8FA5F400820FD2 /* Defaults.swift in Sources */,
				6FF528F31E4F8BF60081747E /* RecordsView.swift in Sources */,
				6F39357E1E86E99D00226DCE /* UIView+Constraints.swift in Sources */,
				6FB3BEEB1E474707007933CB /* FLPBaseViewController.m in Sources */,
				6F3AB3721E5A139400CE62CE /* GridCell.swift in Sources */,
			);
			runOnlyForDeploymentPostprocessing = 0;
		};
		6F1AA1751973EAA400101766 /* Sources */ = {
			isa = PBXSourcesBuildPhase;
			buildActionMask = 2147483647;
			files = (
				6F1AA1871973EAA500101766 /* FlipTests.m in Sources */,
			);
			runOnlyForDeploymentPostprocessing = 0;
		};
/* End PBXSourcesBuildPhase section */

/* Begin PBXTargetDependency section */
		6F1AA17F1973EAA500101766 /* PBXTargetDependency */ = {
			isa = PBXTargetDependency;
			target = 6F1AA1541973EAA400101766 /* Flip */;
			targetProxy = 6F1AA17E1973EAA500101766 /* PBXContainerItemProxy */;
		};
/* End PBXTargetDependency section */

/* Begin PBXVariantGroup section */
		6F1AA1831973EAA500101766 /* InfoPlist.strings */ = {
			isa = PBXVariantGroup;
			children = (
				6F1AA1841973EAA500101766 /* en */,
				6F1AA1941973EB2E00101766 /* es */,
			);
			name = InfoPlist.strings;
			sourceTree = "<group>";
		};
		6F1AA19B1973FE9900101766 /* Localizable.strings */ = {
			isa = PBXVariantGroup;
			children = (
				6F1AA19A1973FE9900101766 /* Base */,
				6F1AA19C1973FE9B00101766 /* es */,
				6F1AA19D1973FE9B00101766 /* en */,
			);
			name = Localizable.strings;
			sourceTree = "<group>";
		};
/* End PBXVariantGroup section */

/* Begin XCBuildConfiguration section */
		6F1AA1881973EAA500101766 /* Debug */ = {
			isa = XCBuildConfiguration;
			buildSettings = {
				ALWAYS_SEARCH_USER_PATHS = NO;
				CLANG_ANALYZER_LOCALIZABILITY_NONLOCALIZED = YES;
				CLANG_CXX_LANGUAGE_STANDARD = "gnu++0x";
				CLANG_CXX_LIBRARY = "libc++";
				CLANG_ENABLE_MODULES = YES;
				CLANG_ENABLE_OBJC_ARC = YES;
				CLANG_WARN_BOOL_CONVERSION = YES;
				CLANG_WARN_CONSTANT_CONVERSION = YES;
				CLANG_WARN_DIRECT_OBJC_ISA_USAGE = YES_ERROR;
				CLANG_WARN_EMPTY_BODY = YES;
				CLANG_WARN_ENUM_CONVERSION = YES;
				CLANG_WARN_INFINITE_RECURSION = YES;
				CLANG_WARN_INT_CONVERSION = YES;
				CLANG_WARN_OBJC_ROOT_CLASS = YES_ERROR;
				CLANG_WARN_SUSPICIOUS_MOVE = YES;
				CLANG_WARN_UNREACHABLE_CODE = YES;
				CLANG_WARN__DUPLICATE_METHOD_MATCH = YES;
				"CODE_SIGN_IDENTITY[sdk=iphoneos*]" = "iPhone Developer: Jaime Aranaz (JHP429439D)";
				COPY_PHASE_STRIP = NO;
				ENABLE_STRICT_OBJC_MSGSEND = YES;
				ENABLE_TESTABILITY = YES;
				GCC_C_LANGUAGE_STANDARD = gnu99;
				GCC_DYNAMIC_NO_PIC = NO;
				GCC_NO_COMMON_BLOCKS = YES;
				GCC_OPTIMIZATION_LEVEL = 0;
				GCC_PREPROCESSOR_DEFINITIONS = (
					"DEBUG=1",
					"$(inherited)",
				);
				GCC_SYMBOLS_PRIVATE_EXTERN = NO;
				GCC_WARN_64_TO_32_BIT_CONVERSION = YES;
				GCC_WARN_ABOUT_RETURN_TYPE = YES_ERROR;
				GCC_WARN_UNDECLARED_SELECTOR = YES;
				GCC_WARN_UNINITIALIZED_AUTOS = YES_AGGRESSIVE;
				GCC_WARN_UNUSED_FUNCTION = YES;
				GCC_WARN_UNUSED_VARIABLE = YES;
				IPHONEOS_DEPLOYMENT_TARGET = 10.0;
				ONLY_ACTIVE_ARCH = YES;
				PROVISIONING_PROFILE = "5409A3A6-2A30-455D-A168-55A698992539";
				SDKROOT = iphoneos;
				TARGETED_DEVICE_FAMILY = "1,2";
			};
			name = Debug;
		};
		6F1AA1891973EAA500101766 /* Release */ = {
			isa = XCBuildConfiguration;
			buildSettings = {
				ALWAYS_SEARCH_USER_PATHS = NO;
				CLANG_ANALYZER_LOCALIZABILITY_NONLOCALIZED = YES;
				CLANG_CXX_LANGUAGE_STANDARD = "gnu++0x";
				CLANG_CXX_LIBRARY = "libc++";
				CLANG_ENABLE_MODULES = YES;
				CLANG_ENABLE_OBJC_ARC = YES;
				CLANG_WARN_BOOL_CONVERSION = YES;
				CLANG_WARN_CONSTANT_CONVERSION = YES;
				CLANG_WARN_DIRECT_OBJC_ISA_USAGE = YES_ERROR;
				CLANG_WARN_EMPTY_BODY = YES;
				CLANG_WARN_ENUM_CONVERSION = YES;
				CLANG_WARN_INFINITE_RECURSION = YES;
				CLANG_WARN_INT_CONVERSION = YES;
				CLANG_WARN_OBJC_ROOT_CLASS = YES_ERROR;
				CLANG_WARN_SUSPICIOUS_MOVE = YES;
				CLANG_WARN_UNREACHABLE_CODE = YES;
				CLANG_WARN__DUPLICATE_METHOD_MATCH = YES;
				"CODE_SIGN_IDENTITY[sdk=iphoneos*]" = "iPhone Distribution: Jaime Aranaz (JU2RPJFHF7)";
				COPY_PHASE_STRIP = YES;
				ENABLE_NS_ASSERTIONS = NO;
				ENABLE_STRICT_OBJC_MSGSEND = YES;
				GCC_C_LANGUAGE_STANDARD = gnu99;
				GCC_NO_COMMON_BLOCKS = YES;
				GCC_WARN_64_TO_32_BIT_CONVERSION = YES;
				GCC_WARN_ABOUT_RETURN_TYPE = YES_ERROR;
				GCC_WARN_UNDECLARED_SELECTOR = YES;
				GCC_WARN_UNINITIALIZED_AUTOS = YES_AGGRESSIVE;
				GCC_WARN_UNUSED_FUNCTION = YES;
				GCC_WARN_UNUSED_VARIABLE = YES;
				IPHONEOS_DEPLOYMENT_TARGET = 10.0;
				PROVISIONING_PROFILE = "39781A0F-B85F-4694-BEEF-4D68F42825B4";
				SDKROOT = iphoneos;
				SWIFT_OPTIMIZATION_LEVEL = "-Owholemodule";
				TARGETED_DEVICE_FAMILY = "1,2";
				VALIDATE_PRODUCT = YES;
			};
			name = Release;
		};
		6F1AA18B1973EAA500101766 /* Debug */ = {
			isa = XCBuildConfiguration;
			baseConfigurationReference = B20AB7D3B76985FEE233FB5B /* Pods-Flip.debug.xcconfig */;
			buildSettings = {
				ASSETCATALOG_COMPILER_APPICON_NAME = AppIcon;
				ASSETCATALOG_COMPILER_LAUNCHIMAGE_NAME = LaunchImage;
				CLANG_ENABLE_MODULES = YES;
				CODE_SIGN_IDENTITY = "iPhone Developer";
				"CODE_SIGN_IDENTITY[sdk=iphoneos*]" = "iPhone Developer";
				DEFINES_MODULE = YES;
				DEVELOPMENT_TEAM = X7FQ3DUR48;
				FRAMEWORK_SEARCH_PATHS = (
					"$(inherited)",
					"$(PROJECT_DIR)",
					"../FacebookSDKs-iOS-4.23.0",
				);
				GCC_PRECOMPILE_PREFIX_HEADER = YES;
				GCC_PREFIX_HEADER = "Flip/Flip-Prefix.pch";
				INFOPLIST_FILE = "Flip/Flip-Info.plist";
				LD_RUNPATH_SEARCH_PATHS = "$(inherited) @executable_path/Frameworks";
				LIBRARY_SEARCH_PATHS = (
					"$(inherited)",
					"$(PROJECT_DIR)/Flip",
				);
				PRODUCT_BUNDLE_IDENTIFIER = com.mobioak.flip;
				PRODUCT_NAME = "$(TARGET_NAME)";
				PROVISIONING_PROFILE = "";
				SWIFT_OBJC_BRIDGING_HEADER = "Flip/Flip-Bridging-Header.h";
				SWIFT_OPTIMIZATION_LEVEL = "-Onone";
				SWIFT_VERSION = 3.0;
				TARGETED_DEVICE_FAMILY = "1,2";
				WRAPPER_EXTENSION = app;
			};
			name = Debug;
		};
		6F1AA18C1973EAA500101766 /* Release */ = {
			isa = XCBuildConfiguration;
			baseConfigurationReference = 4BBCAE98D7219A1863DA7EFE /* Pods-Flip.release.xcconfig */;
			buildSettings = {
				ASSETCATALOG_COMPILER_APPICON_NAME = AppIcon;
				ASSETCATALOG_COMPILER_LAUNCHIMAGE_NAME = LaunchImage;
				CLANG_ENABLE_MODULES = YES;
				CODE_SIGN_IDENTITY = "iPhone Distribution: Jaime Aranaz (JU2RPJFHF7)";
				"CODE_SIGN_IDENTITY[sdk=iphoneos*]" = "iPhone Developer";
				DEFINES_MODULE = YES;
				DEVELOPMENT_TEAM = X7FQ3DUR48;
				FRAMEWORK_SEARCH_PATHS = (
					"$(inherited)",
					"$(PROJECT_DIR)",
					"../FacebookSDKs-iOS-4.23.0",
				);
				GCC_PRECOMPILE_PREFIX_HEADER = YES;
				GCC_PREFIX_HEADER = "Flip/Flip-Prefix.pch";
				INFOPLIST_FILE = "Flip/Flip-Info.plist";
				LD_RUNPATH_SEARCH_PATHS = "$(inherited) @executable_path/Frameworks";
				LIBRARY_SEARCH_PATHS = (
					"$(inherited)",
					"$(PROJECT_DIR)/Flip",
				);
				ONLY_ACTIVE_ARCH = YES;
				PRODUCT_BUNDLE_IDENTIFIER = com.mobioak.flip;
				PRODUCT_NAME = "$(TARGET_NAME)";
				PROVISIONING_PROFILE = "";
				SWIFT_OBJC_BRIDGING_HEADER = "Flip/Flip-Bridging-Header.h";
				SWIFT_VERSION = 3.0;
				TARGETED_DEVICE_FAMILY = "1,2";
				WRAPPER_EXTENSION = app;
			};
			name = Release;
		};
		6F1AA18E1973EAA500101766 /* Debug */ = {
			isa = XCBuildConfiguration;
			baseConfigurationReference = 64A060032C00B166A7B24DFB /* Pods-FlipTests.debug.xcconfig */;
			buildSettings = {
				ALWAYS_EMBED_SWIFT_STANDARD_LIBRARIES = YES;
				BUNDLE_LOADER = "$(BUILT_PRODUCTS_DIR)/Flip.app/Flip";
				"CODE_SIGN_IDENTITY[sdk=iphoneos*]" = "iPhone Developer";
				DEVELOPMENT_TEAM = X7FQ3DUR48;
				FRAMEWORK_SEARCH_PATHS = (
					"$(SDKROOT)/Developer/Library/Frameworks",
					"$(inherited)",
					"$(DEVELOPER_FRAMEWORKS_DIR)",
				);
				GCC_PRECOMPILE_PREFIX_HEADER = YES;
				GCC_PREFIX_HEADER = "Flip/Flip-Prefix.pch";
				GCC_PREPROCESSOR_DEFINITIONS = (
					"DEBUG=1",
					"$(inherited)",
				);
				INFOPLIST_FILE = "FlipTests/FlipTests-Info.plist";
				PRODUCT_BUNDLE_IDENTIFIER = "com.mobioak.${PRODUCT_NAME:rfc1034identifier}";
				PRODUCT_NAME = "$(TARGET_NAME)";
				TEST_HOST = "$(BUNDLE_LOADER)";
				WRAPPER_EXTENSION = xctest;
			};
			name = Debug;
		};
		6F1AA18F1973EAA500101766 /* Release */ = {
			isa = XCBuildConfiguration;
			baseConfigurationReference = 16674C4E04FA375117C4F89C /* Pods-FlipTests.release.xcconfig */;
			buildSettings = {
				ALWAYS_EMBED_SWIFT_STANDARD_LIBRARIES = YES;
				BUNDLE_LOADER = "$(BUILT_PRODUCTS_DIR)/Flip.app/Flip";
				"CODE_SIGN_IDENTITY[sdk=iphoneos*]" = "iPhone Developer";
				DEVELOPMENT_TEAM = X7FQ3DUR48;
				FRAMEWORK_SEARCH_PATHS = (
					"$(SDKROOT)/Developer/Library/Frameworks",
					"$(inherited)",
					"$(DEVELOPER_FRAMEWORKS_DIR)",
				);
				GCC_PRECOMPILE_PREFIX_HEADER = YES;
				GCC_PREFIX_HEADER = "Flip/Flip-Prefix.pch";
				INFOPLIST_FILE = "FlipTests/FlipTests-Info.plist";
				PRODUCT_BUNDLE_IDENTIFIER = "com.mobioak.${PRODUCT_NAME:rfc1034identifier}";
				PRODUCT_NAME = "$(TARGET_NAME)";
				TEST_HOST = "$(BUNDLE_LOADER)";
				WRAPPER_EXTENSION = xctest;
			};
			name = Release;
		};
/* End XCBuildConfiguration section */

/* Begin XCConfigurationList section */
		6F1AA1501973EAA400101766 /* Build configuration list for PBXProject "Flip" */ = {
			isa = XCConfigurationList;
			buildConfigurations = (
				6F1AA1881973EAA500101766 /* Debug */,
				6F1AA1891973EAA500101766 /* Release */,
			);
			defaultConfigurationIsVisible = 0;
			defaultConfigurationName = Release;
		};
		6F1AA18A1973EAA500101766 /* Build configuration list for PBXNativeTarget "Flip" */ = {
			isa = XCConfigurationList;
			buildConfigurations = (
				6F1AA18B1973EAA500101766 /* Debug */,
				6F1AA18C1973EAA500101766 /* Release */,
			);
			defaultConfigurationIsVisible = 0;
			defaultConfigurationName = Release;
		};
		6F1AA18D1973EAA500101766 /* Build configuration list for PBXNativeTarget "FlipTests" */ = {
			isa = XCConfigurationList;
			buildConfigurations = (
				6F1AA18E1973EAA500101766 /* Debug */,
				6F1AA18F1973EAA500101766 /* Release */,
			);
			defaultConfigurationIsVisible = 0;
			defaultConfigurationName = Release;
		};
/* End XCConfigurationList section */
	};
	rootObject = 6F1AA14D1973EAA400101766 /* Project object */;
}
