<?xml version="1.0" encoding="UTF-8"?>
<!DOCTYPE plist PUBLIC "-//Apple//DTD PLIST 1.0//EN" "http://www.apple.com/DTDs/PropertyList-1.0.dtd">
<plist version="1.0">
<dict>
	<key>archiveVersion</key>
	<string>1</string>
	<key>classes</key>
	<dict/>
	<key>objectVersion</key>
	<string>46</string>
	<key>objects</key>
	<dict>
		<key>2A685E8F8CC418FD8843760A</key>
		<dict>
			<key>includeInIndex</key>
			<string>1</string>
			<key>isa</key>
			<string>PBXFileReference</string>
			<key>lastKnownFileType</key>
			<string>text.xcconfig</string>
			<key>name</key>
			<string>Pods.release.xcconfig</string>
			<key>path</key>
			<string>Pods/Target Support Files/Pods/Pods.release.xcconfig</string>
			<key>sourceTree</key>
			<string>&lt;group&gt;</string>
		</dict>
		<key>612618E1383860C51F74F5A6</key>
		<dict>
			<key>includeInIndex</key>
			<string>1</string>
			<key>isa</key>
			<string>PBXFileReference</string>
			<key>lastKnownFileType</key>
			<string>text.xcconfig</string>
			<key>name</key>
			<string>Pods.debug.xcconfig</string>
			<key>path</key>
			<string>Pods/Target Support Files/Pods/Pods.debug.xcconfig</string>
			<key>sourceTree</key>
			<string>&lt;group&gt;</string>
		</dict>
		<key>692563B79FB840DB83DCE0B3</key>
		<dict>
			<key>buildActionMask</key>
			<string>2147483647</string>
			<key>files</key>
			<array/>
			<key>inputPaths</key>
			<array/>
			<key>isa</key>
			<string>PBXShellScriptBuildPhase</string>
			<key>name</key>
			<string>Copy Pods Resources</string>
			<key>outputPaths</key>
			<array/>
			<key>runOnlyForDeploymentPostprocessing</key>
			<string>0</string>
			<key>shellPath</key>
			<string>/bin/sh</string>
			<key>shellScript</key>
			<string>"${SRCROOT}/Pods/Target Support Files/Pods/Pods-resources.sh"
</string>
			<key>showEnvVarsInLog</key>
			<string>0</string>
		</dict>
		<key>6F03D18519A678DE003EE79B</key>
		<dict>
			<key>fileEncoding</key>
			<string>4</string>
			<key>isa</key>
			<string>PBXFileReference</string>
			<key>lastKnownFileType</key>
			<string>sourcecode.c.h</string>
			<key>path</key>
			<string>FLPTitleLetterView.h</string>
			<key>sourceTree</key>
			<string>&lt;group&gt;</string>
		</dict>
		<key>6F03D18619A678DE003EE79B</key>
		<dict>
			<key>fileEncoding</key>
			<string>4</string>
			<key>isa</key>
			<string>PBXFileReference</string>
			<key>lastKnownFileType</key>
			<string>sourcecode.c.objc</string>
			<key>path</key>
			<string>FLPTitleLetterView.m</string>
			<key>sourceTree</key>
			<string>&lt;group&gt;</string>
		</dict>
		<key>6F03D18719A678DE003EE79B</key>
		<dict>
			<key>fileRef</key>
			<string>6F03D18619A678DE003EE79B</string>
			<key>isa</key>
			<string>PBXBuildFile</string>
		</dict>
		<key>6F14871819A0F5A50087527C</key>
		<dict>
			<key>children</key>
			<array>
				<string>6F14871919A0F5E90087527C</string>
				<string>6F14871A19A0F5E90087527C</string>
				<string>6F14871C19A0F6640087527C</string>
				<string>6F14871D19A0F6640087527C</string>
				<string>6F14871F19A0FD110087527C</string>
				<string>6F14872019A0FD110087527C</string>
				<string>6F14872219A0FDE90087527C</string>
				<string>6F14872319A0FDE90087527C</string>
			</array>
			<key>isa</key>
			<string>PBXGroup</string>
			<key>name</key>
			<string>segues</string>
			<key>sourceTree</key>
			<string>&lt;group&gt;</string>
		</dict>
		<key>6F14871919A0F5E90087527C</key>
		<dict>
			<key>fileEncoding</key>
			<string>4</string>
			<key>isa</key>
			<string>PBXFileReference</string>
			<key>lastKnownFileType</key>
			<string>sourcecode.c.h</string>
			<key>path</key>
			<string>FLPCoverFromLeftSegue.h</string>
			<key>sourceTree</key>
			<string>&lt;group&gt;</string>
		</dict>
		<key>6F14871A19A0F5E90087527C</key>
		<dict>
			<key>fileEncoding</key>
			<string>4</string>
			<key>isa</key>
			<string>PBXFileReference</string>
			<key>lastKnownFileType</key>
			<string>sourcecode.c.objc</string>
			<key>path</key>
			<string>FLPCoverFromLeftSegue.m</string>
			<key>sourceTree</key>
			<string>&lt;group&gt;</string>
		</dict>
		<key>6F14871B19A0F5E90087527C</key>
		<dict>
			<key>fileRef</key>
			<string>6F14871A19A0F5E90087527C</string>
			<key>isa</key>
			<string>PBXBuildFile</string>
		</dict>
		<key>6F14871C19A0F6640087527C</key>
		<dict>
			<key>fileEncoding</key>
			<string>4</string>
			<key>isa</key>
			<string>PBXFileReference</string>
			<key>lastKnownFileType</key>
			<string>sourcecode.c.h</string>
			<key>path</key>
			<string>FLPCoverFromRightSegue.h</string>
			<key>sourceTree</key>
			<string>&lt;group&gt;</string>
		</dict>
		<key>6F14871D19A0F6640087527C</key>
		<dict>
			<key>fileEncoding</key>
			<string>4</string>
			<key>isa</key>
			<string>PBXFileReference</string>
			<key>lastKnownFileType</key>
			<string>sourcecode.c.objc</string>
			<key>path</key>
			<string>FLPCoverFromRightSegue.m</string>
			<key>sourceTree</key>
			<string>&lt;group&gt;</string>
		</dict>
		<key>6F14871E19A0F6640087527C</key>
		<dict>
			<key>fileRef</key>
			<string>6F14871D19A0F6640087527C</string>
			<key>isa</key>
			<string>PBXBuildFile</string>
		</dict>
		<key>6F14871F19A0FD110087527C</key>
		<dict>
			<key>fileEncoding</key>
			<string>4</string>
			<key>isa</key>
			<string>PBXFileReference</string>
			<key>lastKnownFileType</key>
			<string>sourcecode.c.h</string>
			<key>path</key>
			<string>FLPFlipFromLeftSegue.h</string>
			<key>sourceTree</key>
			<string>&lt;group&gt;</string>
		</dict>
		<key>6F14872019A0FD110087527C</key>
		<dict>
			<key>fileEncoding</key>
			<string>4</string>
			<key>isa</key>
			<string>PBXFileReference</string>
			<key>lastKnownFileType</key>
			<string>sourcecode.c.objc</string>
			<key>path</key>
			<string>FLPFlipFromLeftSegue.m</string>
			<key>sourceTree</key>
			<string>&lt;group&gt;</string>
		</dict>
		<key>6F14872119A0FD110087527C</key>
		<dict>
			<key>fileRef</key>
			<string>6F14872019A0FD110087527C</string>
			<key>isa</key>
			<string>PBXBuildFile</string>
		</dict>
		<key>6F14872219A0FDE90087527C</key>
		<dict>
			<key>fileEncoding</key>
			<string>4</string>
			<key>isa</key>
			<string>PBXFileReference</string>
			<key>lastKnownFileType</key>
			<string>sourcecode.c.h</string>
			<key>path</key>
			<string>FLPFlipFromRightSegue.h</string>
			<key>sourceTree</key>
			<string>&lt;group&gt;</string>
		</dict>
		<key>6F14872319A0FDE90087527C</key>
		<dict>
			<key>fileEncoding</key>
			<string>4</string>
			<key>isa</key>
			<string>PBXFileReference</string>
			<key>lastKnownFileType</key>
			<string>sourcecode.c.objc</string>
			<key>path</key>
			<string>FLPFlipFromRightSegue.m</string>
			<key>sourceTree</key>
			<string>&lt;group&gt;</string>
		</dict>
		<key>6F14872419A0FDE90087527C</key>
		<dict>
			<key>fileRef</key>
			<string>6F14872319A0FDE90087527C</string>
			<key>isa</key>
			<string>PBXBuildFile</string>
		</dict>
		<key>6F19F69719A3A8470047F269</key>
		<dict>
			<key>children</key>
			<array>
				<string>6F19F69A19A3A8870047F269</string>
				<string>6F19F69C19A3AC760047F269</string>
			</array>
			<key>isa</key>
			<string>PBXGroup</string>
			<key>name</key>
			<string>sounds</string>
			<key>sourceTree</key>
			<string>&lt;group&gt;</string>
		</dict>
		<key>6F19F69A19A3A8870047F269</key>
		<dict>
			<key>isa</key>
			<string>PBXFileReference</string>
			<key>lastKnownFileType</key>
			<string>audio.wav</string>
			<key>path</key>
			<string>camera-shutter-click-01.wav</string>
			<key>sourceTree</key>
			<string>&lt;group&gt;</string>
		</dict>
		<key>6F19F69B19A3A8870047F269</key>
		<dict>
			<key>fileRef</key>
			<string>6F19F69A19A3A8870047F269</string>
			<key>isa</key>
			<string>PBXBuildFile</string>
		</dict>
		<key>6F19F69C19A3AC760047F269</key>
		<dict>
			<key>isa</key>
			<string>PBXFileReference</string>
			<key>lastKnownFileType</key>
			<string>audio.wav</string>
			<key>path</key>
			<string>polaroid-camera-take-picture-01.wav</string>
			<key>sourceTree</key>
			<string>&lt;group&gt;</string>
		</dict>
		<key>6F19F69D19A3AC760047F269</key>
		<dict>
			<key>fileRef</key>
			<string>6F19F69C19A3AC760047F269</string>
			<key>isa</key>
			<string>PBXBuildFile</string>
		</dict>
		<key>6F1AA14C1973EAA400101766</key>
		<dict>
			<key>children</key>
			<array>
				<string>6F1AA15E1973EAA400101766</string>
				<string>6F1AA1801973EAA500101766</string>
				<string>6F1AA1571973EAA400101766</string>
				<string>6F1AA1561973EAA400101766</string>
				<string>E9A7C30AF8ACBCEA611BDD4C</string>
			</array>
			<key>isa</key>
			<string>PBXGroup</string>
			<key>sourceTree</key>
			<string>&lt;group&gt;</string>
		</dict>
		<key>6F1AA14D1973EAA400101766</key>
		<dict>
			<key>attributes</key>
			<dict>
				<key>CLASSPREFIX</key>
				<string>FLP</string>
				<key>LastUpgradeCheck</key>
				<string>0510</string>
				<key>ORGANIZATIONNAME</key>
				<string>MobiOak</string>
				<key>TargetAttributes</key>
				<dict>
					<key>6F1AA1781973EAA400101766</key>
					<dict>
						<key>TestTargetID</key>
						<string>6F1AA1541973EAA400101766</string>
					</dict>
				</dict>
			</dict>
			<key>buildConfigurationList</key>
			<string>6F1AA1501973EAA400101766</string>
			<key>compatibilityVersion</key>
			<string>Xcode 3.2</string>
			<key>developmentRegion</key>
			<string>English</string>
			<key>hasScannedForEncodings</key>
			<string>0</string>
			<key>isa</key>
			<string>PBXProject</string>
			<key>knownRegions</key>
			<array>
				<string>en</string>
				<string>Base</string>
				<string>es</string>
			</array>
			<key>mainGroup</key>
			<string>6F1AA14C1973EAA400101766</string>
			<key>productRefGroup</key>
			<string>6F1AA1561973EAA400101766</string>
			<key>projectDirPath</key>
			<string></string>
			<key>projectReferences</key>
			<array/>
			<key>projectRoot</key>
			<string></string>
			<key>targets</key>
			<array>
				<string>6F1AA1541973EAA400101766</string>
				<string>6F1AA1781973EAA400101766</string>
			</array>
		</dict>
		<key>6F1AA1501973EAA400101766</key>
		<dict>
			<key>buildConfigurations</key>
			<array>
				<string>6F1AA1881973EAA500101766</string>
				<string>6F1AA1891973EAA500101766</string>
			</array>
			<key>defaultConfigurationIsVisible</key>
			<string>0</string>
			<key>defaultConfigurationName</key>
			<string>Release</string>
			<key>isa</key>
			<string>XCConfigurationList</string>
		</dict>
		<key>6F1AA1511973EAA400101766</key>
		<dict>
			<key>buildActionMask</key>
			<string>2147483647</string>
			<key>files</key>
			<array>
				<string>6F7B2DE01980FC9200C9FE69</string>
				<string>6F67A358197FD19600AC9CF5</string>
				<string>6F14872419A0FDE90087527C</string>
				<string>6F3B3A9419825C1C00EA4BA1</string>
				<string>6F33AC841999245500FBF9C4</string>
				<string>6F03D18719A678DE003EE79B</string>
				<string>6FFC51671976659800668F82</string>
				<string>6FF58536197FC95100926DF9</string>
				<string>6F1AA1651973EAA400101766</string>
				<string>6F33AC7C1998C14000FBF9C4</string>
				<string>6F14871B19A0F5E90087527C</string>
				<string>6F1AA1721973EAA400101766</string>
				<string>6F87A771199A17B400C2303A</string>
				<string>6F5AD5C71987ABF600B65D09</string>
				<string>6F14872119A0FD110087527C</string>
				<string>6F1AA1691973EAA400101766</string>
				<string>6F14871E19A0F6640087527C</string>
			</array>
			<key>isa</key>
			<string>PBXSourcesBuildPhase</string>
			<key>runOnlyForDeploymentPostprocessing</key>
			<string>0</string>
		</dict>
		<key>6F1AA1521973EAA400101766</key>
		<dict>
			<key>buildActionMask</key>
			<string>2147483647</string>
			<key>files</key>
			<array>
				<string>6F878308199BB14C00AA118E</string>
				<string>6F878306199BB14100AA118E</string>
				<string>6F878304199BB13500AA118E</string>
				<string>6F878302199BB12900AA118E</string>
				<string>6F878300199BB11900AA118E</string>
				<string>6F8782FE199BB11000AA118E</string>
				<string>6FF58538197FCA5800926DF9</string>
				<string>6F1AA15B1973EAA400101766</string>
				<string>6F1AA1591973EAA400101766</string>
				<string>6F1AA15D1973EAA400101766</string>
				<string>D6BB898A4D1F49E8A43AE354</string>
				<string>6F8782FC199BB0DC00AA118E</string>
			</array>
			<key>isa</key>
			<string>PBXFrameworksBuildPhase</string>
			<key>runOnlyForDeploymentPostprocessing</key>
			<string>0</string>
		</dict>
		<key>6F1AA1531973EAA400101766</key>
		<dict>
			<key>buildActionMask</key>
			<string>2147483647</string>
			<key>files</key>
			<array>
				<string>6F4CF17C19A7928D009F4F31</string>
				<string>6F4CF17619A783FA009F4F31</string>
				<string>6F4CF17A19A79185009F4F31</string>
				<string>6F1AA1741973EAA400101766</string>
				<string>6F19F69B19A3A8870047F269</string>
				<string>6F55BE8E19A1618000FC60E7</string>
				<string>6F1AA1991973FE9900101766</string>
				<string>6F1AA16C1973EAA400101766</string>
				<string>6F55BE9219A166B900FC60E7</string>
				<string>6F19F69D19A3AC760047F269</string>
				<string>6F1AA1631973EAA400101766</string>
			</array>
			<key>isa</key>
			<string>PBXResourcesBuildPhase</string>
			<key>runOnlyForDeploymentPostprocessing</key>
			<string>0</string>
		</dict>
		<key>6F1AA1541973EAA400101766</key>
		<dict>
			<key>buildConfigurationList</key>
			<string>6F1AA18A1973EAA500101766</string>
			<key>buildPhases</key>
			<array>
				<string>A60BE52257E64D8FAD181183</string>
				<string>6F1AA1511973EAA400101766</string>
				<string>6F1AA1521973EAA400101766</string>
				<string>6F1AA1531973EAA400101766</string>
				<string>692563B79FB840DB83DCE0B3</string>
			</array>
			<key>buildRules</key>
			<array/>
			<key>dependencies</key>
			<array/>
			<key>isa</key>
			<string>PBXNativeTarget</string>
			<key>name</key>
			<string>Flip</string>
			<key>productName</key>
			<string>Flip</string>
			<key>productReference</key>
			<string>6F1AA1551973EAA400101766</string>
			<key>productType</key>
			<string>com.apple.product-type.application</string>
		</dict>
		<key>6F1AA1551973EAA400101766</key>
		<dict>
			<key>explicitFileType</key>
			<string>wrapper.application</string>
			<key>includeInIndex</key>
			<string>0</string>
			<key>isa</key>
			<string>PBXFileReference</string>
			<key>path</key>
			<string>Flip.app</string>
			<key>sourceTree</key>
			<string>BUILT_PRODUCTS_DIR</string>
		</dict>
		<key>6F1AA1561973EAA400101766</key>
		<dict>
			<key>children</key>
			<array>
				<string>6F1AA1551973EAA400101766</string>
				<string>6F1AA1791973EAA400101766</string>
			</array>
			<key>isa</key>
			<string>PBXGroup</string>
			<key>name</key>
			<string>Products</string>
			<key>sourceTree</key>
			<string>&lt;group&gt;</string>
		</dict>
		<key>6F1AA1571973EAA400101766</key>
		<dict>
			<key>children</key>
			<array>
				<string>6F878307199BB14C00AA118E</string>
				<string>6F878305199BB14100AA118E</string>
				<string>6F878303199BB13500AA118E</string>
				<string>6F878301199BB12900AA118E</string>
				<string>6F8782FF199BB11900AA118E</string>
				<string>6F8782FD199BB11000AA118E</string>
				<string>EBC66B07440B4166BA92308A</string>
				<string>6FF58537197FCA5800926DF9</string>
				<string>6F1AA15A1973EAA400101766</string>
				<string>6F1AA1581973EAA400101766</string>
				<string>6F1AA15C1973EAA400101766</string>
				<string>6F1AA17A1973EAA400101766</string>
			</array>
			<key>isa</key>
			<string>PBXGroup</string>
			<key>name</key>
			<string>Frameworks</string>
			<key>sourceTree</key>
			<string>&lt;group&gt;</string>
		</dict>
		<key>6F1AA1581973EAA400101766</key>
		<dict>
			<key>isa</key>
			<string>PBXFileReference</string>
			<key>lastKnownFileType</key>
			<string>wrapper.framework</string>
			<key>name</key>
			<string>Foundation.framework</string>
			<key>path</key>
			<string>System/Library/Frameworks/Foundation.framework</string>
			<key>sourceTree</key>
			<string>SDKROOT</string>
		</dict>
		<key>6F1AA1591973EAA400101766</key>
		<dict>
			<key>fileRef</key>
			<string>6F1AA1581973EAA400101766</string>
			<key>isa</key>
			<string>PBXBuildFile</string>
		</dict>
		<key>6F1AA15A1973EAA400101766</key>
		<dict>
			<key>isa</key>
			<string>PBXFileReference</string>
			<key>lastKnownFileType</key>
			<string>wrapper.framework</string>
			<key>name</key>
			<string>CoreGraphics.framework</string>
			<key>path</key>
			<string>System/Library/Frameworks/CoreGraphics.framework</string>
			<key>sourceTree</key>
			<string>SDKROOT</string>
		</dict>
		<key>6F1AA15B1973EAA400101766</key>
		<dict>
			<key>fileRef</key>
			<string>6F1AA15A1973EAA400101766</string>
			<key>isa</key>
			<string>PBXBuildFile</string>
		</dict>
		<key>6F1AA15C1973EAA400101766</key>
		<dict>
			<key>isa</key>
			<string>PBXFileReference</string>
			<key>lastKnownFileType</key>
			<string>wrapper.framework</string>
			<key>name</key>
			<string>UIKit.framework</string>
			<key>path</key>
			<string>System/Library/Frameworks/UIKit.framework</string>
			<key>sourceTree</key>
			<string>SDKROOT</string>
		</dict>
		<key>6F1AA15D1973EAA400101766</key>
		<dict>
			<key>fileRef</key>
			<string>6F1AA15C1973EAA400101766</string>
			<key>isa</key>
			<string>PBXBuildFile</string>
		</dict>
		<key>6F1AA15E1973EAA400101766</key>
		<dict>
			<key>children</key>
			<array>
				<string>6F19F69719A3A8470047F269</string>
				<string>6F55BE8C19A1616E00FC60E7</string>
				<string>6F8782EE199BB0B600AA118E</string>
				<string>6F33AC811999244600FBF9C4</string>
				<string>6F67A355197FD17F00AC9CF5</string>
				<string>6FFC51641976655B00668F82</string>
				<string>6F14871819A0F5A50087527C</string>
				<string>6F1AA1911973EAF800101766</string>
				<string>6F1AA1901973EAF000101766</string>
				<string>6F1AA15F1973EAA400101766</string>
				<string>6F1AA1731973EAA400101766</string>
				<string>6F1AA16A1973EAA400101766</string>
				<string>6F1AA1671973EAA400101766</string>
				<string>6F1AA1681973EAA400101766</string>
				<string>6F7B2DE11981144D00C9FE69</string>
			</array>
			<key>isa</key>
			<string>PBXGroup</string>
			<key>path</key>
			<string>Flip</string>
			<key>sourceTree</key>
			<string>&lt;group&gt;</string>
		</dict>
		<key>6F1AA15F1973EAA400101766</key>
		<dict>
			<key>children</key>
			<array>
				<string>6F1AA1601973EAA400101766</string>
				<string>6F1AA1611973EAA400101766</string>
				<string>6F1AA1641973EAA400101766</string>
				<string>6F1AA1661973EAA400101766</string>
				<string>6F1AA19B1973FE9900101766</string>
				<string>6F4CF17919A79185009F4F31</string>
				<string>6F4CF17B19A7928D009F4F31</string>
			</array>
			<key>isa</key>
			<string>PBXGroup</string>
			<key>name</key>
			<string>Supporting Files</string>
			<key>sourceTree</key>
			<string>&lt;group&gt;</string>
		</dict>
		<key>6F1AA1601973EAA400101766</key>
		<dict>
			<key>isa</key>
			<string>PBXFileReference</string>
			<key>lastKnownFileType</key>
			<string>text.plist.xml</string>
			<key>path</key>
			<string>Flip-Info.plist</string>
			<key>sourceTree</key>
			<string>&lt;group&gt;</string>
		</dict>
		<key>6F1AA1611973EAA400101766</key>
		<dict>
			<key>children</key>
			<array>
				<string>6F1AA1621973EAA400101766</string>
				<string>6F1AA1931973EB2E00101766</string>
			</array>
			<key>isa</key>
			<string>PBXVariantGroup</string>
			<key>name</key>
			<string>InfoPlist.strings</string>
			<key>sourceTree</key>
			<string>&lt;group&gt;</string>
		</dict>
		<key>6F1AA1621973EAA400101766</key>
		<dict>
			<key>isa</key>
			<string>PBXFileReference</string>
			<key>lastKnownFileType</key>
			<string>text.plist.strings</string>
			<key>name</key>
			<string>en</string>
			<key>path</key>
			<string>en.lproj/InfoPlist.strings</string>
			<key>sourceTree</key>
			<string>&lt;group&gt;</string>
		</dict>
		<key>6F1AA1631973EAA400101766</key>
		<dict>
			<key>fileRef</key>
			<string>6F1AA1611973EAA400101766</string>
			<key>isa</key>
			<string>PBXBuildFile</string>
		</dict>
		<key>6F1AA1641973EAA400101766</key>
		<dict>
			<key>isa</key>
			<string>PBXFileReference</string>
			<key>lastKnownFileType</key>
			<string>sourcecode.c.objc</string>
			<key>path</key>
			<string>main.m</string>
			<key>sourceTree</key>
			<string>&lt;group&gt;</string>
		</dict>
		<key>6F1AA1651973EAA400101766</key>
		<dict>
			<key>fileRef</key>
			<string>6F1AA1641973EAA400101766</string>
			<key>isa</key>
			<string>PBXBuildFile</string>
		</dict>
		<key>6F1AA1661973EAA400101766</key>
		<dict>
			<key>isa</key>
			<string>PBXFileReference</string>
			<key>lastKnownFileType</key>
			<string>sourcecode.c.h</string>
			<key>path</key>
			<string>Flip-Prefix.pch</string>
			<key>sourceTree</key>
			<string>&lt;group&gt;</string>
		</dict>
		<key>6F1AA1671973EAA400101766</key>
		<dict>
			<key>isa</key>
			<string>PBXFileReference</string>
			<key>lastKnownFileType</key>
			<string>sourcecode.c.h</string>
			<key>path</key>
			<string>FLPAppDelegate.h</string>
			<key>sourceTree</key>
			<string>&lt;group&gt;</string>
		</dict>
		<key>6F1AA1681973EAA400101766</key>
		<dict>
			<key>isa</key>
			<string>PBXFileReference</string>
			<key>lastKnownFileType</key>
			<string>sourcecode.c.objc</string>
			<key>path</key>
			<string>FLPAppDelegate.m</string>
			<key>sourceTree</key>
			<string>&lt;group&gt;</string>
		</dict>
		<key>6F1AA1691973EAA400101766</key>
		<dict>
			<key>fileRef</key>
			<string>6F1AA1681973EAA400101766</string>
			<key>isa</key>
			<string>PBXBuildFile</string>
		</dict>
		<key>6F1AA16A1973EAA400101766</key>
		<dict>
			<key>children</key>
			<array>
				<string>6F1AA16B1973EAA400101766</string>
			</array>
			<key>isa</key>
			<string>PBXVariantGroup</string>
			<key>name</key>
			<string>Main_iPhone.storyboard</string>
			<key>sourceTree</key>
			<string>&lt;group&gt;</string>
		</dict>
		<key>6F1AA16B1973EAA400101766</key>
		<dict>
			<key>isa</key>
			<string>PBXFileReference</string>
			<key>lastKnownFileType</key>
			<string>file.storyboard</string>
			<key>name</key>
			<string>Base</string>
			<key>path</key>
			<string>Base.lproj/Main_iPhone.storyboard</string>
			<key>sourceTree</key>
			<string>&lt;group&gt;</string>
		</dict>
		<key>6F1AA16C1973EAA400101766</key>
		<dict>
			<key>fileRef</key>
			<string>6F1AA16A1973EAA400101766</string>
			<key>isa</key>
			<string>PBXBuildFile</string>
		</dict>
		<key>6F1AA1701973EAA400101766</key>
		<dict>
			<key>isa</key>
			<string>PBXFileReference</string>
			<key>lastKnownFileType</key>
			<string>sourcecode.c.h</string>
			<key>path</key>
			<string>FLPMainScrenViewController.h</string>
			<key>sourceTree</key>
			<string>&lt;group&gt;</string>
		</dict>
		<key>6F1AA1711973EAA400101766</key>
		<dict>
			<key>isa</key>
			<string>PBXFileReference</string>
			<key>lastKnownFileType</key>
			<string>sourcecode.c.objc</string>
			<key>path</key>
			<string>FLPMainScrenViewController.m</string>
			<key>sourceTree</key>
			<string>&lt;group&gt;</string>
		</dict>
		<key>6F1AA1721973EAA400101766</key>
		<dict>
			<key>fileRef</key>
			<string>6F1AA1711973EAA400101766</string>
			<key>isa</key>
			<string>PBXBuildFile</string>
		</dict>
		<key>6F1AA1731973EAA400101766</key>
		<dict>
			<key>isa</key>
			<string>PBXFileReference</string>
			<key>lastKnownFileType</key>
			<string>folder.assetcatalog</string>
			<key>path</key>
			<string>Images.xcassets</string>
			<key>sourceTree</key>
			<string>&lt;group&gt;</string>
		</dict>
		<key>6F1AA1741973EAA400101766</key>
		<dict>
			<key>fileRef</key>
			<string>6F1AA1731973EAA400101766</string>
			<key>isa</key>
			<string>PBXBuildFile</string>
		</dict>
		<key>6F1AA1751973EAA400101766</key>
		<dict>
			<key>buildActionMask</key>
			<string>2147483647</string>
			<key>files</key>
			<array>
				<string>6F1AA1871973EAA500101766</string>
			</array>
			<key>isa</key>
			<string>PBXSourcesBuildPhase</string>
			<key>runOnlyForDeploymentPostprocessing</key>
			<string>0</string>
		</dict>
		<key>6F1AA1761973EAA400101766</key>
		<dict>
			<key>buildActionMask</key>
			<string>2147483647</string>
			<key>files</key>
			<array>
				<string>6F1AA17B1973EAA400101766</string>
				<string>6F1AA17D1973EAA500101766</string>
				<string>6F1AA17C1973EAA500101766</string>
			</array>
			<key>isa</key>
			<string>PBXFrameworksBuildPhase</string>
			<key>runOnlyForDeploymentPostprocessing</key>
			<string>0</string>
		</dict>
		<key>6F1AA1771973EAA400101766</key>
		<dict>
			<key>buildActionMask</key>
			<string>2147483647</string>
			<key>files</key>
			<array>
				<string>6F1AA1851973EAA500101766</string>
			</array>
			<key>isa</key>
			<string>PBXResourcesBuildPhase</string>
			<key>runOnlyForDeploymentPostprocessing</key>
			<string>0</string>
		</dict>
		<key>6F1AA1781973EAA400101766</key>
		<dict>
			<key>buildConfigurationList</key>
			<string>6F1AA18D1973EAA500101766</string>
			<key>buildPhases</key>
			<array>
				<string>6F1AA1751973EAA400101766</string>
				<string>6F1AA1761973EAA400101766</string>
				<string>6F1AA1771973EAA400101766</string>
			</array>
			<key>buildRules</key>
			<array/>
			<key>dependencies</key>
			<array>
				<string>6F1AA17F1973EAA500101766</string>
			</array>
			<key>isa</key>
			<string>PBXNativeTarget</string>
			<key>name</key>
			<string>FlipTests</string>
			<key>productName</key>
			<string>FlipTests</string>
			<key>productReference</key>
			<string>6F1AA1791973EAA400101766</string>
			<key>productType</key>
			<string>com.apple.product-type.bundle.unit-test</string>
		</dict>
		<key>6F1AA1791973EAA400101766</key>
		<dict>
			<key>explicitFileType</key>
			<string>wrapper.cfbundle</string>
			<key>includeInIndex</key>
			<string>0</string>
			<key>isa</key>
			<string>PBXFileReference</string>
			<key>path</key>
			<string>FlipTests.xctest</string>
			<key>sourceTree</key>
			<string>BUILT_PRODUCTS_DIR</string>
		</dict>
		<key>6F1AA17A1973EAA400101766</key>
		<dict>
			<key>isa</key>
			<string>PBXFileReference</string>
			<key>lastKnownFileType</key>
			<string>wrapper.framework</string>
			<key>name</key>
			<string>XCTest.framework</string>
			<key>path</key>
			<string>Library/Frameworks/XCTest.framework</string>
			<key>sourceTree</key>
			<string>DEVELOPER_DIR</string>
		</dict>
		<key>6F1AA17B1973EAA400101766</key>
		<dict>
			<key>fileRef</key>
			<string>6F1AA17A1973EAA400101766</string>
			<key>isa</key>
			<string>PBXBuildFile</string>
		</dict>
		<key>6F1AA17C1973EAA500101766</key>
		<dict>
			<key>fileRef</key>
			<string>6F1AA1581973EAA400101766</string>
			<key>isa</key>
			<string>PBXBuildFile</string>
		</dict>
		<key>6F1AA17D1973EAA500101766</key>
		<dict>
			<key>fileRef</key>
			<string>6F1AA15C1973EAA400101766</string>
			<key>isa</key>
			<string>PBXBuildFile</string>
		</dict>
		<key>6F1AA17E1973EAA500101766</key>
		<dict>
			<key>containerPortal</key>
			<string>6F1AA14D1973EAA400101766</string>
			<key>isa</key>
			<string>PBXContainerItemProxy</string>
			<key>proxyType</key>
			<string>1</string>
			<key>remoteGlobalIDString</key>
			<string>6F1AA1541973EAA400101766</string>
			<key>remoteInfo</key>
			<string>Flip</string>
		</dict>
		<key>6F1AA17F1973EAA500101766</key>
		<dict>
			<key>isa</key>
			<string>PBXTargetDependency</string>
			<key>target</key>
			<string>6F1AA1541973EAA400101766</string>
			<key>targetProxy</key>
			<string>6F1AA17E1973EAA500101766</string>
		</dict>
		<key>6F1AA1801973EAA500101766</key>
		<dict>
			<key>children</key>
			<array>
				<string>6F1AA1861973EAA500101766</string>
				<string>6F1AA1811973EAA500101766</string>
			</array>
			<key>isa</key>
			<string>PBXGroup</string>
			<key>path</key>
			<string>FlipTests</string>
			<key>sourceTree</key>
			<string>&lt;group&gt;</string>
		</dict>
		<key>6F1AA1811973EAA500101766</key>
		<dict>
			<key>children</key>
			<array>
				<string>6F1AA1821973EAA500101766</string>
				<string>6F1AA1831973EAA500101766</string>
			</array>
			<key>isa</key>
			<string>PBXGroup</string>
			<key>name</key>
			<string>Supporting Files</string>
			<key>sourceTree</key>
			<string>&lt;group&gt;</string>
		</dict>
		<key>6F1AA1821973EAA500101766</key>
		<dict>
			<key>isa</key>
			<string>PBXFileReference</string>
			<key>lastKnownFileType</key>
			<string>text.plist.xml</string>
			<key>path</key>
			<string>FlipTests-Info.plist</string>
			<key>sourceTree</key>
			<string>&lt;group&gt;</string>
		</dict>
		<key>6F1AA1831973EAA500101766</key>
		<dict>
			<key>children</key>
			<array>
				<string>6F1AA1841973EAA500101766</string>
				<string>6F1AA1941973EB2E00101766</string>
			</array>
			<key>isa</key>
			<string>PBXVariantGroup</string>
			<key>name</key>
			<string>InfoPlist.strings</string>
			<key>sourceTree</key>
			<string>&lt;group&gt;</string>
		</dict>
		<key>6F1AA1841973EAA500101766</key>
		<dict>
			<key>isa</key>
			<string>PBXFileReference</string>
			<key>lastKnownFileType</key>
			<string>text.plist.strings</string>
			<key>name</key>
			<string>en</string>
			<key>path</key>
			<string>en.lproj/InfoPlist.strings</string>
			<key>sourceTree</key>
			<string>&lt;group&gt;</string>
		</dict>
		<key>6F1AA1851973EAA500101766</key>
		<dict>
			<key>fileRef</key>
			<string>6F1AA1831973EAA500101766</string>
			<key>isa</key>
			<string>PBXBuildFile</string>
		</dict>
		<key>6F1AA1861973EAA500101766</key>
		<dict>
			<key>isa</key>
			<string>PBXFileReference</string>
			<key>lastKnownFileType</key>
			<string>sourcecode.c.objc</string>
			<key>path</key>
			<string>FlipTests.m</string>
			<key>sourceTree</key>
			<string>&lt;group&gt;</string>
		</dict>
		<key>6F1AA1871973EAA500101766</key>
		<dict>
			<key>fileRef</key>
			<string>6F1AA1861973EAA500101766</string>
			<key>isa</key>
			<string>PBXBuildFile</string>
		</dict>
		<key>6F1AA1881973EAA500101766</key>
		<dict>
			<key>buildSettings</key>
			<dict>
				<key>ALWAYS_SEARCH_USER_PATHS</key>
				<string>NO</string>
				<key>CLANG_CXX_LANGUAGE_STANDARD</key>
				<string>gnu++0x</string>
				<key>CLANG_CXX_LIBRARY</key>
				<string>libc++</string>
				<key>CLANG_ENABLE_MODULES</key>
				<string>YES</string>
				<key>CLANG_ENABLE_OBJC_ARC</key>
				<string>YES</string>
				<key>CLANG_WARN_BOOL_CONVERSION</key>
				<string>YES</string>
				<key>CLANG_WARN_CONSTANT_CONVERSION</key>
				<string>YES</string>
				<key>CLANG_WARN_DIRECT_OBJC_ISA_USAGE</key>
				<string>YES_ERROR</string>
				<key>CLANG_WARN_EMPTY_BODY</key>
				<string>YES</string>
				<key>CLANG_WARN_ENUM_CONVERSION</key>
				<string>YES</string>
				<key>CLANG_WARN_INT_CONVERSION</key>
				<string>YES</string>
				<key>CLANG_WARN_OBJC_ROOT_CLASS</key>
				<string>YES_ERROR</string>
				<key>CLANG_WARN__DUPLICATE_METHOD_MATCH</key>
				<string>YES</string>
				<key>CODE_SIGN_IDENTITY[sdk=iphoneos*]</key>
				<string>iPhone Developer: Jaime Aranaz (JHP429439D)</string>
				<key>COPY_PHASE_STRIP</key>
				<string>NO</string>
				<key>GCC_C_LANGUAGE_STANDARD</key>
				<string>gnu99</string>
				<key>GCC_DYNAMIC_NO_PIC</key>
				<string>NO</string>
				<key>GCC_OPTIMIZATION_LEVEL</key>
				<string>0</string>
				<key>GCC_PREPROCESSOR_DEFINITIONS</key>
				<array>
					<string>DEBUG=1</string>
					<string>$(inherited)</string>
				</array>
				<key>GCC_SYMBOLS_PRIVATE_EXTERN</key>
				<string>NO</string>
				<key>GCC_WARN_64_TO_32_BIT_CONVERSION</key>
				<string>YES</string>
				<key>GCC_WARN_ABOUT_RETURN_TYPE</key>
				<string>YES_ERROR</string>
				<key>GCC_WARN_UNDECLARED_SELECTOR</key>
				<string>YES</string>
				<key>GCC_WARN_UNINITIALIZED_AUTOS</key>
				<string>YES_AGGRESSIVE</string>
				<key>GCC_WARN_UNUSED_FUNCTION</key>
				<string>YES</string>
				<key>GCC_WARN_UNUSED_VARIABLE</key>
				<string>YES</string>
				<key>IPHONEOS_DEPLOYMENT_TARGET</key>
				<string>7.0</string>
				<key>ONLY_ACTIVE_ARCH</key>
				<string>YES</string>
				<key>PROVISIONING_PROFILE</key>
				<string>5409A3A6-2A30-455D-A168-55A698992539</string>
				<key>SDKROOT</key>
				<string>iphoneos</string>
				<key>TARGETED_DEVICE_FAMILY</key>
				<string>1,2</string>
			</dict>
			<key>isa</key>
			<string>XCBuildConfiguration</string>
			<key>name</key>
			<string>Debug</string>
		</dict>
		<key>6F1AA1891973EAA500101766</key>
		<dict>
			<key>buildSettings</key>
			<dict>
				<key>ALWAYS_SEARCH_USER_PATHS</key>
				<string>NO</string>
				<key>CLANG_CXX_LANGUAGE_STANDARD</key>
				<string>gnu++0x</string>
				<key>CLANG_CXX_LIBRARY</key>
				<string>libc++</string>
				<key>CLANG_ENABLE_MODULES</key>
				<string>YES</string>
				<key>CLANG_ENABLE_OBJC_ARC</key>
				<string>YES</string>
				<key>CLANG_WARN_BOOL_CONVERSION</key>
				<string>YES</string>
				<key>CLANG_WARN_CONSTANT_CONVERSION</key>
				<string>YES</string>
				<key>CLANG_WARN_DIRECT_OBJC_ISA_USAGE</key>
				<string>YES_ERROR</string>
				<key>CLANG_WARN_EMPTY_BODY</key>
				<string>YES</string>
				<key>CLANG_WARN_ENUM_CONVERSION</key>
				<string>YES</string>
				<key>CLANG_WARN_INT_CONVERSION</key>
				<string>YES</string>
				<key>CLANG_WARN_OBJC_ROOT_CLASS</key>
				<string>YES_ERROR</string>
				<key>CLANG_WARN__DUPLICATE_METHOD_MATCH</key>
				<string>YES</string>
				<key>CODE_SIGN_IDENTITY[sdk=iphoneos*]</key>
				<string>iPhone Distribution: Jaime Aranaz (JU2RPJFHF7)</string>
				<key>COPY_PHASE_STRIP</key>
				<string>YES</string>
				<key>ENABLE_NS_ASSERTIONS</key>
				<string>NO</string>
				<key>GCC_C_LANGUAGE_STANDARD</key>
				<string>gnu99</string>
				<key>GCC_WARN_64_TO_32_BIT_CONVERSION</key>
				<string>YES</string>
				<key>GCC_WARN_ABOUT_RETURN_TYPE</key>
				<string>YES_ERROR</string>
				<key>GCC_WARN_UNDECLARED_SELECTOR</key>
				<string>YES</string>
				<key>GCC_WARN_UNINITIALIZED_AUTOS</key>
				<string>YES_AGGRESSIVE</string>
				<key>GCC_WARN_UNUSED_FUNCTION</key>
				<string>YES</string>
				<key>GCC_WARN_UNUSED_VARIABLE</key>
				<string>YES</string>
				<key>IPHONEOS_DEPLOYMENT_TARGET</key>
				<string>7.0</string>
				<key>PROVISIONING_PROFILE</key>
				<string>39781A0F-B85F-4694-BEEF-4D68F42825B4</string>
				<key>SDKROOT</key>
				<string>iphoneos</string>
				<key>TARGETED_DEVICE_FAMILY</key>
				<string>1,2</string>
				<key>VALIDATE_PRODUCT</key>
				<string>YES</string>
			</dict>
			<key>isa</key>
			<string>XCBuildConfiguration</string>
			<key>name</key>
			<string>Release</string>
		</dict>
		<key>6F1AA18A1973EAA500101766</key>
		<dict>
			<key>buildConfigurations</key>
			<array>
				<string>6F1AA18B1973EAA500101766</string>
				<string>6F1AA18C1973EAA500101766</string>
			</array>
			<key>defaultConfigurationIsVisible</key>
			<string>0</string>
			<key>defaultConfigurationName</key>
			<string>Release</string>
			<key>isa</key>
			<string>XCConfigurationList</string>
		</dict>
		<key>6F1AA18B1973EAA500101766</key>
		<dict>
			<key>baseConfigurationReference</key>
			<string>612618E1383860C51F74F5A6</string>
			<key>buildSettings</key>
			<dict>
				<key>ASSETCATALOG_COMPILER_APPICON_NAME</key>
				<string>AppIcon</string>
				<key>ASSETCATALOG_COMPILER_LAUNCHIMAGE_NAME</key>
				<string>LaunchImage</string>
				<key>CODE_SIGN_IDENTITY</key>
				<string>iPhone Developer</string>
				<key>CODE_SIGN_IDENTITY[sdk=iphoneos*]</key>
				<string>iPhone Developer: Jaime Aranaz (JHP429439D)</string>
				<key>GCC_PRECOMPILE_PREFIX_HEADER</key>
				<string>YES</string>
				<key>GCC_PREFIX_HEADER</key>
				<string>Flip/Flip-Prefix.pch</string>
				<key>INFOPLIST_FILE</key>
				<string>Flip/Flip-Info.plist</string>
				<key>LIBRARY_SEARCH_PATHS</key>
				<array>
					<string>$(inherited)</string>
					<string>$(PROJECT_DIR)/Flip</string>
				</array>
				<key>PRODUCT_NAME</key>
				<string>$(TARGET_NAME)</string>
				<key>PROVISIONING_PROFILE</key>
				<string>5409A3A6-2A30-455D-A168-55A698992539</string>
				<key>TARGETED_DEVICE_FAMILY</key>
				<string>1,2</string>
				<key>WRAPPER_EXTENSION</key>
				<string>app</string>
			</dict>
			<key>isa</key>
			<string>XCBuildConfiguration</string>
			<key>name</key>
			<string>Debug</string>
		</dict>
		<key>6F1AA18C1973EAA500101766</key>
		<dict>
			<key>baseConfigurationReference</key>
			<string>2A685E8F8CC418FD8843760A</string>
			<key>buildSettings</key>
			<dict>
				<key>ASSETCATALOG_COMPILER_APPICON_NAME</key>
				<string>AppIcon</string>
				<key>ASSETCATALOG_COMPILER_LAUNCHIMAGE_NAME</key>
				<string>LaunchImage</string>
				<key>CODE_SIGN_IDENTITY</key>
				<string>iPhone Distribution: Jaime Aranaz (JU2RPJFHF7)</string>
				<key>GCC_PRECOMPILE_PREFIX_HEADER</key>
				<string>YES</string>
				<key>GCC_PREFIX_HEADER</key>
				<string>Flip/Flip-Prefix.pch</string>
				<key>INFOPLIST_FILE</key>
				<string>Flip/Flip-Info.plist</string>
				<key>LIBRARY_SEARCH_PATHS</key>
				<array>
					<string>$(inherited)</string>
					<string>$(PROJECT_DIR)/Flip</string>
				</array>
				<key>ONLY_ACTIVE_ARCH</key>
				<string>YES</string>
				<key>PRODUCT_NAME</key>
				<string>$(TARGET_NAME)</string>
				<key>PROVISIONING_PROFILE</key>
				<string>39781A0F-B85F-4694-BEEF-4D68F42825B4</string>
				<key>TARGETED_DEVICE_FAMILY</key>
				<string>1,2</string>
				<key>WRAPPER_EXTENSION</key>
				<string>app</string>
			</dict>
			<key>isa</key>
			<string>XCBuildConfiguration</string>
			<key>name</key>
			<string>Release</string>
		</dict>
		<key>6F1AA18D1973EAA500101766</key>
		<dict>
			<key>buildConfigurations</key>
			<array>
				<string>6F1AA18E1973EAA500101766</string>
				<string>6F1AA18F1973EAA500101766</string>
			</array>
			<key>defaultConfigurationIsVisible</key>
			<string>0</string>
			<key>defaultConfigurationName</key>
			<string>Release</string>
			<key>isa</key>
			<string>XCConfigurationList</string>
		</dict>
		<key>6F1AA18E1973EAA500101766</key>
		<dict>
			<key>buildSettings</key>
			<dict>
				<key>BUNDLE_LOADER</key>
				<string>$(BUILT_PRODUCTS_DIR)/Flip.app/Flip</string>
				<key>FRAMEWORK_SEARCH_PATHS</key>
				<array>
					<string>$(SDKROOT)/Developer/Library/Frameworks</string>
					<string>$(inherited)</string>
					<string>$(DEVELOPER_FRAMEWORKS_DIR)</string>
				</array>
				<key>GCC_PRECOMPILE_PREFIX_HEADER</key>
				<string>YES</string>
				<key>GCC_PREFIX_HEADER</key>
				<string>Flip/Flip-Prefix.pch</string>
				<key>GCC_PREPROCESSOR_DEFINITIONS</key>
				<array>
					<string>DEBUG=1</string>
					<string>$(inherited)</string>
				</array>
				<key>INFOPLIST_FILE</key>
				<string>FlipTests/FlipTests-Info.plist</string>
				<key>PRODUCT_NAME</key>
				<string>$(TARGET_NAME)</string>
				<key>TEST_HOST</key>
				<string>$(BUNDLE_LOADER)</string>
				<key>WRAPPER_EXTENSION</key>
				<string>xctest</string>
			</dict>
			<key>isa</key>
			<string>XCBuildConfiguration</string>
			<key>name</key>
			<string>Debug</string>
		</dict>
		<key>6F1AA18F1973EAA500101766</key>
		<dict>
			<key>buildSettings</key>
			<dict>
				<key>BUNDLE_LOADER</key>
				<string>$(BUILT_PRODUCTS_DIR)/Flip.app/Flip</string>
				<key>FRAMEWORK_SEARCH_PATHS</key>
				<array>
					<string>$(SDKROOT)/Developer/Library/Frameworks</string>
					<string>$(inherited)</string>
					<string>$(DEVELOPER_FRAMEWORKS_DIR)</string>
				</array>
				<key>GCC_PRECOMPILE_PREFIX_HEADER</key>
				<string>YES</string>
				<key>GCC_PREFIX_HEADER</key>
				<string>Flip/Flip-Prefix.pch</string>
				<key>INFOPLIST_FILE</key>
				<string>FlipTests/FlipTests-Info.plist</string>
				<key>PRODUCT_NAME</key>
				<string>$(TARGET_NAME)</string>
				<key>TEST_HOST</key>
				<string>$(BUNDLE_LOADER)</string>
				<key>WRAPPER_EXTENSION</key>
				<string>xctest</string>
			</dict>
			<key>isa</key>
			<string>XCBuildConfiguration</string>
			<key>name</key>
			<string>Release</string>
		</dict>
		<key>6F1AA1901973EAF000101766</key>
		<dict>
			<key>children</key>
			<array>
				<string>6F1AA1701973EAA400101766</string>
				<string>6F1AA1711973EAA400101766</string>
				<string>6F7B2DDE1980FC9200C9FE69</string>
				<string>6F7B2DDF1980FC9200C9FE69</string>
				<string>6F87A76F199A17B400C2303A</string>
				<string>6F87A770199A17B400C2303A</string>
			</array>
			<key>isa</key>
			<string>PBXGroup</string>
			<key>name</key>
			<string>controllers</string>
			<key>sourceTree</key>
			<string>&lt;group&gt;</string>
		</dict>
		<key>6F1AA1911973EAF800101766</key>
		<dict>
			<key>children</key>
			<array>
				<string>6F33AC7A1998C14000FBF9C4</string>
				<string>6F33AC7B1998C14000FBF9C4</string>
				<string>6F03D18519A678DE003EE79B</string>
				<string>6F03D18619A678DE003EE79B</string>
			</array>
			<key>isa</key>
			<string>PBXGroup</string>
			<key>name</key>
			<string>views</string>
			<key>sourceTree</key>
			<string>&lt;group&gt;</string>
		</dict>
		<key>6F1AA1931973EB2E00101766</key>
		<dict>
			<key>isa</key>
			<string>PBXFileReference</string>
			<key>lastKnownFileType</key>
			<string>text.plist.strings</string>
			<key>name</key>
			<string>es</string>
			<key>path</key>
			<string>es.lproj/InfoPlist.strings</string>
			<key>sourceTree</key>
			<string>&lt;group&gt;</string>
		</dict>
		<key>6F1AA1941973EB2E00101766</key>
		<dict>
			<key>isa</key>
			<string>PBXFileReference</string>
			<key>lastKnownFileType</key>
			<string>text.plist.strings</string>
			<key>name</key>
			<string>es</string>
			<key>path</key>
			<string>es.lproj/InfoPlist.strings</string>
			<key>sourceTree</key>
			<string>&lt;group&gt;</string>
		</dict>
		<key>6F1AA1991973FE9900101766</key>
		<dict>
			<key>fileRef</key>
			<string>6F1AA19B1973FE9900101766</string>
			<key>isa</key>
			<string>PBXBuildFile</string>
		</dict>
		<key>6F1AA19A1973FE9900101766</key>
		<dict>
			<key>isa</key>
			<string>PBXFileReference</string>
			<key>lastKnownFileType</key>
			<string>text.plist.strings</string>
			<key>name</key>
			<string>Base</string>
			<key>path</key>
			<string>Base.lproj/Localizable.strings</string>
			<key>sourceTree</key>
			<string>&lt;group&gt;</string>
		</dict>
		<key>6F1AA19B1973FE9900101766</key>
		<dict>
			<key>children</key>
			<array>
				<string>6F1AA19A1973FE9900101766</string>
				<string>6F1AA19C1973FE9B00101766</string>
				<string>6F1AA19D1973FE9B00101766</string>
			</array>
			<key>isa</key>
			<string>PBXVariantGroup</string>
			<key>name</key>
			<string>Localizable.strings</string>
			<key>sourceTree</key>
			<string>&lt;group&gt;</string>
		</dict>
		<key>6F1AA19C1973FE9B00101766</key>
		<dict>
			<key>isa</key>
			<string>PBXFileReference</string>
			<key>lastKnownFileType</key>
			<string>text.plist.strings</string>
			<key>name</key>
			<string>es</string>
			<key>path</key>
			<string>es.lproj/Localizable.strings</string>
			<key>sourceTree</key>
			<string>&lt;group&gt;</string>
		</dict>
		<key>6F1AA19D1973FE9B00101766</key>
		<dict>
			<key>isa</key>
			<string>PBXFileReference</string>
			<key>lastKnownFileType</key>
			<string>text.plist.strings</string>
			<key>name</key>
			<string>en</string>
			<key>path</key>
			<string>en.lproj/Localizable.strings</string>
			<key>sourceTree</key>
			<string>&lt;group&gt;</string>
		</dict>
		<key>6F33AC7A1998C14000FBF9C4</key>
		<dict>
			<key>fileEncoding</key>
			<string>4</string>
			<key>isa</key>
			<string>PBXFileReference</string>
			<key>lastKnownFileType</key>
			<string>sourcecode.c.h</string>
			<key>path</key>
			<string>FLPCollectionViewCell.h</string>
			<key>sourceTree</key>
			<string>&lt;group&gt;</string>
		</dict>
		<key>6F33AC7B1998C14000FBF9C4</key>
		<dict>
			<key>fileEncoding</key>
			<string>4</string>
			<key>isa</key>
			<string>PBXFileReference</string>
			<key>lastKnownFileType</key>
			<string>sourcecode.c.objc</string>
			<key>path</key>
			<string>FLPCollectionViewCell.m</string>
			<key>sourceTree</key>
			<string>&lt;group&gt;</string>
		</dict>
		<key>6F33AC7C1998C14000FBF9C4</key>
		<dict>
			<key>fileRef</key>
			<string>6F33AC7B1998C14000FBF9C4</string>
			<key>isa</key>
			<string>PBXBuildFile</string>
		</dict>
		<key>6F33AC811999244600FBF9C4</key>
		<dict>
			<key>children</key>
			<array>
				<string>6F33AC821999245500FBF9C4</string>
				<string>6F33AC831999245500FBF9C4</string>
			</array>
			<key>isa</key>
			<string>PBXGroup</string>
			<key>name</key>
			<string>model</string>
			<key>sourceTree</key>
			<string>&lt;group&gt;</string>
		</dict>
		<key>6F33AC821999245500FBF9C4</key>
		<dict>
			<key>fileEncoding</key>
			<string>4</string>
			<key>isa</key>
			<string>PBXFileReference</string>
			<key>lastKnownFileType</key>
			<string>sourcecode.c.h</string>
			<key>path</key>
			<string>FLPGridItem.h</string>
			<key>sourceTree</key>
			<string>&lt;group&gt;</string>
		</dict>
		<key>6F33AC831999245500FBF9C4</key>
		<dict>
			<key>fileEncoding</key>
			<string>4</string>
			<key>isa</key>
			<string>PBXFileReference</string>
			<key>lastKnownFileType</key>
			<string>sourcecode.c.objc</string>
			<key>path</key>
			<string>FLPGridItem.m</string>
			<key>sourceTree</key>
			<string>&lt;group&gt;</string>
		</dict>
		<key>6F33AC841999245500FBF9C4</key>
		<dict>
			<key>fileRef</key>
			<string>6F33AC831999245500FBF9C4</string>
			<key>isa</key>
			<string>PBXBuildFile</string>
		</dict>
		<key>6F3B3A9219825C1C00EA4BA1</key>
		<dict>
			<key>fileEncoding</key>
			<string>4</string>
			<key>isa</key>
			<string>PBXFileReference</string>
			<key>lastKnownFileType</key>
			<string>sourcecode.c.h</string>
			<key>path</key>
			<string>FLPTwitterPhotoSource.h</string>
			<key>sourceTree</key>
			<string>&lt;group&gt;</string>
		</dict>
		<key>6F3B3A9319825C1C00EA4BA1</key>
		<dict>
			<key>fileEncoding</key>
			<string>4</string>
			<key>isa</key>
			<string>PBXFileReference</string>
			<key>lastKnownFileType</key>
			<string>sourcecode.c.objc</string>
			<key>path</key>
			<string>FLPTwitterPhotoSource.m</string>
			<key>sourceTree</key>
			<string>&lt;group&gt;</string>
		</dict>
		<key>6F3B3A9419825C1C00EA4BA1</key>
		<dict>
			<key>fileRef</key>
			<string>6F3B3A9319825C1C00EA4BA1</string>
			<key>isa</key>
			<string>PBXBuildFile</string>
		</dict>
		<key>6F4CF17519A7828F009F4F31</key>
		<dict>
			<key>isa</key>
			<string>PBXFileReference</string>
			<key>lastKnownFileType</key>
			<string>file</string>
			<key>path</key>
			<string>CantoraOne-Regular.ttf</string>
			<key>sourceTree</key>
			<string>&lt;group&gt;</string>
		</dict>
		<key>6F4CF17619A783FA009F4F31</key>
		<dict>
			<key>fileRef</key>
			<string>6F4CF17519A7828F009F4F31</string>
			<key>isa</key>
			<string>PBXBuildFile</string>
		</dict>
		<key>6F4CF17919A79185009F4F31</key>
		<dict>
			<key>fileEncoding</key>
			<string>4</string>
			<key>isa</key>
			<string>PBXFileReference</string>
			<key>lastKnownFileType</key>
			<string>text.plist.xml</string>
			<key>path</key>
			<string>TwitterKeys.plist</string>
			<key>sourceTree</key>
			<string>&lt;group&gt;</string>
		</dict>
		<key>6F4CF17A19A79185009F4F31</key>
		<dict>
			<key>fileRef</key>
			<string>6F4CF17919A79185009F4F31</string>
			<key>isa</key>
			<string>PBXBuildFile</string>
		</dict>
		<key>6F4CF17B19A7928D009F4F31</key>
		<dict>
			<key>fileEncoding</key>
			<string>4</string>
			<key>isa</key>
			<string>PBXFileReference</string>
			<key>lastKnownFileType</key>
			<string>text.plist.xml</string>
			<key>path</key>
			<string>AdMobKey.plist</string>
			<key>sourceTree</key>
			<string>&lt;group&gt;</string>
		</dict>
		<key>6F4CF17C19A7928D009F4F31</key>
		<dict>
			<key>fileRef</key>
			<string>6F4CF17B19A7928D009F4F31</string>
			<key>isa</key>
			<string>PBXBuildFile</string>
		</dict>
		<key>6F55BE8C19A1616E00FC60E7</key>
		<dict>
			<key>children</key>
			<array>
				<string>6F55BE8D19A1617C00FC60E7</string>
				<string>6F55BE9119A166B900FC60E7</string>
				<string>6F4CF17519A7828F009F4F31</string>
			</array>
			<key>isa</key>
			<string>PBXGroup</string>
			<key>name</key>
			<string>fonts</string>
			<key>sourceTree</key>
			<string>&lt;group&gt;</string>
		</dict>
		<key>6F55BE8D19A1617C00FC60E7</key>
		<dict>
			<key>isa</key>
			<string>PBXFileReference</string>
			<key>lastKnownFileType</key>
			<string>file</string>
			<key>path</key>
			<string>Pacifico.ttf</string>
			<key>sourceTree</key>
			<string>&lt;group&gt;</string>
		</dict>
		<key>6F55BE8E19A1618000FC60E7</key>
		<dict>
			<key>fileRef</key>
			<string>6F55BE8D19A1617C00FC60E7</string>
			<key>isa</key>
			<string>PBXBuildFile</string>
		</dict>
		<key>6F55BE9119A166B900FC60E7</key>
		<dict>
			<key>isa</key>
			<string>PBXFileReference</string>
			<key>lastKnownFileType</key>
			<string>file</string>
			<key>path</key>
			<string>Roboto-Bold.ttf</string>
			<key>sourceTree</key>
			<string>&lt;group&gt;</string>
		</dict>
		<key>6F55BE9219A166B900FC60E7</key>
		<dict>
			<key>fileRef</key>
			<string>6F55BE9119A166B900FC60E7</string>
			<key>isa</key>
			<string>PBXBuildFile</string>
		</dict>
		<key>6F5AD5C51987ABF600B65D09</key>
		<dict>
			<key>fileEncoding</key>
			<string>4</string>
			<key>isa</key>
			<string>PBXFileReference</string>
			<key>lastKnownFileType</key>
			<string>sourcecode.c.h</string>
			<key>path</key>
			<string>FLPFacebookPhotoSource.h</string>
			<key>sourceTree</key>
			<string>&lt;group&gt;</string>
		</dict>
		<key>6F5AD5C61987ABF600B65D09</key>
		<dict>
			<key>fileEncoding</key>
			<string>4</string>
			<key>isa</key>
			<string>PBXFileReference</string>
			<key>lastKnownFileType</key>
			<string>sourcecode.c.objc</string>
			<key>path</key>
			<string>FLPFacebookPhotoSource.m</string>
			<key>sourceTree</key>
			<string>&lt;group&gt;</string>
		</dict>
		<key>6F5AD5C71987ABF600B65D09</key>
		<dict>
			<key>fileRef</key>
			<string>6F5AD5C61987ABF600B65D09</string>
			<key>isa</key>
			<string>PBXBuildFile</string>
		</dict>
		<key>6F67A355197FD17F00AC9CF5</key>
		<dict>
			<key>children</key>
			<array>
				<string>6F67A356197FD19600AC9CF5</string>
				<string>6F67A357197FD19600AC9CF5</string>
			</array>
			<key>isa</key>
			<string>PBXGroup</string>
			<key>name</key>
			<string>utils</string>
			<key>sourceTree</key>
			<string>&lt;group&gt;</string>
		</dict>
		<key>6F67A356197FD19600AC9CF5</key>
		<dict>
			<key>fileEncoding</key>
			<string>4</string>
			<key>isa</key>
			<string>PBXFileReference</string>
			<key>lastKnownFileType</key>
			<string>sourcecode.c.h</string>
			<key>path</key>
			<string>FLPLogFormatter.h</string>
			<key>sourceTree</key>
			<string>&lt;group&gt;</string>
		</dict>
		<key>6F67A357197FD19600AC9CF5</key>
		<dict>
			<key>fileEncoding</key>
			<string>4</string>
			<key>isa</key>
			<string>PBXFileReference</string>
			<key>lastKnownFileType</key>
			<string>sourcecode.c.objc</string>
			<key>path</key>
			<string>FLPLogFormatter.m</string>
			<key>sourceTree</key>
			<string>&lt;group&gt;</string>
		</dict>
		<key>6F67A358197FD19600AC9CF5</key>
		<dict>
			<key>fileRef</key>
			<string>6F67A357197FD19600AC9CF5</string>
			<key>isa</key>
			<string>PBXBuildFile</string>
		</dict>
		<key>6F7B2DDE1980FC9200C9FE69</key>
		<dict>
			<key>fileEncoding</key>
			<string>4</string>
			<key>isa</key>
			<string>PBXFileReference</string>
			<key>lastKnownFileType</key>
			<string>sourcecode.c.h</string>
			<key>path</key>
			<string>FLPGridViewController.h</string>
			<key>sourceTree</key>
			<string>&lt;group&gt;</string>
		</dict>
		<key>6F7B2DDF1980FC9200C9FE69</key>
		<dict>
			<key>fileEncoding</key>
			<string>4</string>
			<key>isa</key>
			<string>PBXFileReference</string>
			<key>lastKnownFileType</key>
			<string>sourcecode.c.objc</string>
			<key>path</key>
			<string>FLPGridViewController.m</string>
			<key>sourceTree</key>
			<string>&lt;group&gt;</string>
		</dict>
		<key>6F7B2DE01980FC9200C9FE69</key>
		<dict>
			<key>fileRef</key>
			<string>6F7B2DDF1980FC9200C9FE69</string>
			<key>isa</key>
			<string>PBXBuildFile</string>
		</dict>
		<key>6F7B2DE11981144D00C9FE69</key>
		<dict>
			<key>fileEncoding</key>
			<string>4</string>
			<key>isa</key>
			<string>PBXFileReference</string>
			<key>lastKnownFileType</key>
			<string>sourcecode.c.h</string>
			<key>path</key>
			<string>Constants.h</string>
			<key>sourceTree</key>
			<string>&lt;group&gt;</string>
		</dict>
		<key>6F8782EE199BB0B600AA118E</key>
		<dict>
			<key>children</key>
			<array>
				<string>6F8782EF199BB0DC00AA118E</string>
				<string>6F8782F0199BB0DC00AA118E</string>
				<string>6F8782F1199BB0DC00AA118E</string>
				<string>6F8782F2199BB0DC00AA118E</string>
				<string>6F8782F3199BB0DC00AA118E</string>
				<string>6F8782F4199BB0DC00AA118E</string>
				<string>6F8782F5199BB0DC00AA118E</string>
				<string>6F8782F6199BB0DC00AA118E</string>
				<string>6F8782F7199BB0DC00AA118E</string>
				<string>6F8782F8199BB0DC00AA118E</string>
				<string>6F8782F9199BB0DC00AA118E</string>
				<string>6F8782FA199BB0DC00AA118E</string>
				<string>6F8782FB199BB0DC00AA118E</string>
			</array>
			<key>isa</key>
			<string>PBXGroup</string>
			<key>name</key>
			<string>adMob</string>
			<key>sourceTree</key>
			<string>&lt;group&gt;</string>
		</dict>
		<key>6F8782EF199BB0DC00AA118E</key>
		<dict>
			<key>fileEncoding</key>
			<string>4</string>
			<key>isa</key>
			<string>PBXFileReference</string>
			<key>lastKnownFileType</key>
			<string>sourcecode.c.h</string>
			<key>path</key>
			<string>GADAdMobExtras.h</string>
			<key>sourceTree</key>
			<string>&lt;group&gt;</string>
		</dict>
		<key>6F8782F0199BB0DC00AA118E</key>
		<dict>
			<key>fileEncoding</key>
			<string>4</string>
			<key>isa</key>
			<string>PBXFileReference</string>
			<key>lastKnownFileType</key>
			<string>sourcecode.c.h</string>
			<key>path</key>
			<string>GADAdNetworkExtras.h</string>
			<key>sourceTree</key>
			<string>&lt;group&gt;</string>
		</dict>
		<key>6F8782F1199BB0DC00AA118E</key>
		<dict>
			<key>fileEncoding</key>
			<string>4</string>
			<key>isa</key>
			<string>PBXFileReference</string>
			<key>lastKnownFileType</key>
			<string>sourcecode.c.h</string>
			<key>path</key>
			<string>GADAdSize.h</string>
			<key>sourceTree</key>
			<string>&lt;group&gt;</string>
		</dict>
		<key>6F8782F2199BB0DC00AA118E</key>
		<dict>
			<key>fileEncoding</key>
			<string>4</string>
			<key>isa</key>
			<string>PBXFileReference</string>
			<key>lastKnownFileType</key>
			<string>sourcecode.c.h</string>
			<key>path</key>
			<string>GADBannerView.h</string>
			<key>sourceTree</key>
			<string>&lt;group&gt;</string>
		</dict>
		<key>6F8782F3199BB0DC00AA118E</key>
		<dict>
			<key>fileEncoding</key>
			<string>4</string>
			<key>isa</key>
			<string>PBXFileReference</string>
			<key>lastKnownFileType</key>
			<string>sourcecode.c.h</string>
			<key>path</key>
			<string>GADBannerViewDelegate.h</string>
			<key>sourceTree</key>
			<string>&lt;group&gt;</string>
		</dict>
		<key>6F8782F4199BB0DC00AA118E</key>
		<dict>
			<key>fileEncoding</key>
			<string>4</string>
			<key>isa</key>
			<string>PBXFileReference</string>
			<key>lastKnownFileType</key>
			<string>sourcecode.c.h</string>
			<key>path</key>
			<string>GADInAppPurchase.h</string>
			<key>sourceTree</key>
			<string>&lt;group&gt;</string>
		</dict>
		<key>6F8782F5199BB0DC00AA118E</key>
		<dict>
			<key>fileEncoding</key>
			<string>4</string>
			<key>isa</key>
			<string>PBXFileReference</string>
			<key>lastKnownFileType</key>
			<string>sourcecode.c.h</string>
			<key>path</key>
			<string>GADInAppPurchaseDelegate.h</string>
			<key>sourceTree</key>
			<string>&lt;group&gt;</string>
		</dict>
		<key>6F8782F6199BB0DC00AA118E</key>
		<dict>
			<key>fileEncoding</key>
			<string>4</string>
			<key>isa</key>
			<string>PBXFileReference</string>
			<key>lastKnownFileType</key>
			<string>sourcecode.c.h</string>
			<key>path</key>
			<string>GADInterstitial.h</string>
			<key>sourceTree</key>
			<string>&lt;group&gt;</string>
		</dict>
		<key>6F8782F7199BB0DC00AA118E</key>
		<dict>
			<key>fileEncoding</key>
			<string>4</string>
			<key>isa</key>
			<string>PBXFileReference</string>
			<key>lastKnownFileType</key>
			<string>sourcecode.c.h</string>
			<key>path</key>
			<string>GADInterstitialDelegate.h</string>
			<key>sourceTree</key>
			<string>&lt;group&gt;</string>
		</dict>
		<key>6F8782F8199BB0DC00AA118E</key>
		<dict>
			<key>fileEncoding</key>
			<string>4</string>
			<key>isa</key>
			<string>PBXFileReference</string>
			<key>lastKnownFileType</key>
			<string>sourcecode.c.h</string>
			<key>path</key>
			<string>GADModules.h</string>
			<key>sourceTree</key>
			<string>&lt;group&gt;</string>
		</dict>
		<key>6F8782F9199BB0DC00AA118E</key>
		<dict>
			<key>fileEncoding</key>
			<string>4</string>
			<key>isa</key>
			<string>PBXFileReference</string>
			<key>lastKnownFileType</key>
			<string>sourcecode.c.h</string>
			<key>path</key>
			<string>GADRequest.h</string>
			<key>sourceTree</key>
			<string>&lt;group&gt;</string>
		</dict>
		<key>6F8782FA199BB0DC00AA118E</key>
		<dict>
			<key>fileEncoding</key>
			<string>4</string>
			<key>isa</key>
			<string>PBXFileReference</string>
			<key>lastKnownFileType</key>
			<string>sourcecode.c.h</string>
			<key>path</key>
			<string>GADRequestError.h</string>
			<key>sourceTree</key>
			<string>&lt;group&gt;</string>
		</dict>
		<key>6F8782FB199BB0DC00AA118E</key>
		<dict>
			<key>isa</key>
			<string>PBXFileReference</string>
			<key>lastKnownFileType</key>
			<string>archive.ar</string>
			<key>path</key>
			<string>libGoogleAdMobAds.a</string>
			<key>sourceTree</key>
			<string>&lt;group&gt;</string>
		</dict>
		<key>6F8782FC199BB0DC00AA118E</key>
		<dict>
			<key>fileRef</key>
			<string>6F8782FB199BB0DC00AA118E</string>
			<key>isa</key>
			<string>PBXBuildFile</string>
		</dict>
		<key>6F8782FD199BB11000AA118E</key>
		<dict>
			<key>isa</key>
			<string>PBXFileReference</string>
			<key>lastKnownFileType</key>
			<string>wrapper.framework</string>
			<key>name</key>
			<string>AdSupport.framework</string>
			<key>path</key>
			<string>System/Library/Frameworks/AdSupport.framework</string>
			<key>sourceTree</key>
			<string>SDKROOT</string>
		</dict>
		<key>6F8782FE199BB11000AA118E</key>
		<dict>
			<key>fileRef</key>
			<string>6F8782FD199BB11000AA118E</string>
			<key>isa</key>
			<string>PBXBuildFile</string>
		</dict>
		<key>6F8782FF199BB11900AA118E</key>
		<dict>
			<key>isa</key>
			<string>PBXFileReference</string>
			<key>lastKnownFileType</key>
			<string>wrapper.framework</string>
			<key>name</key>
			<string>AudioToolbox.framework</string>
			<key>path</key>
			<string>System/Library/Frameworks/AudioToolbox.framework</string>
			<key>sourceTree</key>
			<string>SDKROOT</string>
		</dict>
		<key>6F878300199BB11900AA118E</key>
		<dict>
			<key>fileRef</key>
			<string>6F8782FF199BB11900AA118E</string>
			<key>isa</key>
			<string>PBXBuildFile</string>
		</dict>
		<key>6F878301199BB12900AA118E</key>
		<dict>
			<key>isa</key>
			<string>PBXFileReference</string>
			<key>lastKnownFileType</key>
			<string>wrapper.framework</string>
			<key>name</key>
			<string>AVFoundation.framework</string>
			<key>path</key>
			<string>System/Library/Frameworks/AVFoundation.framework</string>
			<key>sourceTree</key>
			<string>SDKROOT</string>
		</dict>
		<key>6F878302199BB12900AA118E</key>
		<dict>
			<key>fileRef</key>
			<string>6F878301199BB12900AA118E</string>
			<key>isa</key>
			<string>PBXBuildFile</string>
		</dict>
		<key>6F878303199BB13500AA118E</key>
		<dict>
			<key>isa</key>
			<string>PBXFileReference</string>
			<key>lastKnownFileType</key>
			<string>wrapper.framework</string>
			<key>name</key>
			<string>MessageUI.framework</string>
			<key>path</key>
			<string>System/Library/Frameworks/MessageUI.framework</string>
			<key>sourceTree</key>
			<string>SDKROOT</string>
		</dict>
		<key>6F878304199BB13500AA118E</key>
		<dict>
			<key>fileRef</key>
			<string>6F878303199BB13500AA118E</string>
			<key>isa</key>
			<string>PBXBuildFile</string>
		</dict>
		<key>6F878305199BB14100AA118E</key>
		<dict>
			<key>isa</key>
			<string>PBXFileReference</string>
			<key>lastKnownFileType</key>
			<string>wrapper.framework</string>
			<key>name</key>
			<string>StoreKit.framework</string>
			<key>path</key>
			<string>System/Library/Frameworks/StoreKit.framework</string>
			<key>sourceTree</key>
			<string>SDKROOT</string>
		</dict>
		<key>6F878306199BB14100AA118E</key>
		<dict>
			<key>fileRef</key>
			<string>6F878305199BB14100AA118E</string>
			<key>isa</key>
			<string>PBXBuildFile</string>
		</dict>
		<key>6F878307199BB14C00AA118E</key>
		<dict>
			<key>isa</key>
			<string>PBXFileReference</string>
			<key>lastKnownFileType</key>
			<string>wrapper.framework</string>
			<key>name</key>
			<string>SystemConfiguration.framework</string>
			<key>path</key>
			<string>System/Library/Frameworks/SystemConfiguration.framework</string>
			<key>sourceTree</key>
			<string>SDKROOT</string>
		</dict>
		<key>6F878308199BB14C00AA118E</key>
		<dict>
			<key>fileRef</key>
			<string>6F878307199BB14C00AA118E</string>
			<key>isa</key>
			<string>PBXBuildFile</string>
		</dict>
		<key>6F87A76F199A17B400C2303A</key>
		<dict>
			<key>fileEncoding</key>
			<string>4</string>
			<key>isa</key>
			<string>PBXFileReference</string>
			<key>lastKnownFileType</key>
			<string>sourcecode.c.h</string>
			<key>path</key>
			<string>FLPScoreViewController.h</string>
			<key>sourceTree</key>
			<string>&lt;group&gt;</string>
		</dict>
		<key>6F87A770199A17B400C2303A</key>
		<dict>
			<key>fileEncoding</key>
			<string>4</string>
			<key>isa</key>
			<string>PBXFileReference</string>
			<key>lastKnownFileType</key>
			<string>sourcecode.c.objc</string>
			<key>path</key>
			<string>FLPScoreViewController.m</string>
			<key>sourceTree</key>
			<string>&lt;group&gt;</string>
		</dict>
		<key>6F87A771199A17B400C2303A</key>
		<dict>
			<key>fileRef</key>
			<string>6F87A770199A17B400C2303A</string>
			<key>isa</key>
			<string>PBXBuildFile</string>
		</dict>
		<key>6FF58534197FC95100926DF9</key>
		<dict>
			<key>fileEncoding</key>
			<string>4</string>
			<key>isa</key>
			<string>PBXFileReference</string>
			<key>lastKnownFileType</key>
			<string>sourcecode.c.h</string>
			<key>path</key>
			<string>FLPCameraPhotoSource.h</string>
			<key>sourceTree</key>
			<string>&lt;group&gt;</string>
		</dict>
		<key>6FF58535197FC95100926DF9</key>
		<dict>
			<key>fileEncoding</key>
			<string>4</string>
			<key>isa</key>
			<string>PBXFileReference</string>
			<key>lastKnownFileType</key>
			<string>sourcecode.c.objc</string>
			<key>path</key>
			<string>FLPCameraPhotoSource.m</string>
			<key>sourceTree</key>
			<string>&lt;group&gt;</string>
		</dict>
		<key>6FF58536197FC95100926DF9</key>
		<dict>
			<key>fileRef</key>
			<string>6FF58535197FC95100926DF9</string>
			<key>isa</key>
			<string>PBXBuildFile</string>
		</dict>
		<key>6FF58537197FCA5800926DF9</key>
		<dict>
			<key>isa</key>
			<string>PBXFileReference</string>
			<key>lastKnownFileType</key>
			<string>wrapper.framework</string>
			<key>name</key>
			<string>AssetsLibrary.framework</string>
			<key>path</key>
			<string>System/Library/Frameworks/AssetsLibrary.framework</string>
			<key>sourceTree</key>
			<string>SDKROOT</string>
		</dict>
		<key>6FF58538197FCA5800926DF9</key>
		<dict>
			<key>fileRef</key>
			<string>6FF58537197FCA5800926DF9</string>
			<key>isa</key>
			<string>PBXBuildFile</string>
		</dict>
		<key>6FFC51641976655B00668F82</key>
		<dict>
			<key>children</key>
			<array>
				<string>6FFC51651976659800668F82</string>
				<string>6FFC51661976659800668F82</string>
				<string>6FF58534197FC95100926DF9</string>
				<string>6FF58535197FC95100926DF9</string>
				<string>6F3B3A9219825C1C00EA4BA1</string>
				<string>6F3B3A9319825C1C00EA4BA1</string>
				<string>6F5AD5C51987ABF600B65D09</string>
				<string>6F5AD5C61987ABF600B65D09</string>
			</array>
			<key>isa</key>
			<string>PBXGroup</string>
			<key>name</key>
			<string>sources</string>
			<key>sourceTree</key>
			<string>&lt;group&gt;</string>
		</dict>
		<key>6FFC51651976659800668F82</key>
		<dict>
			<key>fileEncoding</key>
			<string>4</string>
			<key>isa</key>
			<string>PBXFileReference</string>
			<key>lastKnownFileType</key>
			<string>sourcecode.c.h</string>
			<key>path</key>
			<string>FLPPhotoSource.h</string>
			<key>sourceTree</key>
			<string>&lt;group&gt;</string>
		</dict>
		<key>6FFC51661976659800668F82</key>
		<dict>
			<key>fileEncoding</key>
			<string>4</string>
			<key>isa</key>
			<string>PBXFileReference</string>
			<key>lastKnownFileType</key>
			<string>sourcecode.c.objc</string>
			<key>path</key>
			<string>FLPPhotoSource.m</string>
			<key>sourceTree</key>
			<string>&lt;group&gt;</string>
		</dict>
		<key>6FFC51671976659800668F82</key>
		<dict>
			<key>fileRef</key>
			<string>6FFC51661976659800668F82</string>
			<key>isa</key>
			<string>PBXBuildFile</string>
		</dict>
		<key>A60BE52257E64D8FAD181183</key>
		<dict>
			<key>buildActionMask</key>
			<string>2147483647</string>
			<key>files</key>
			<array/>
			<key>inputPaths</key>
			<array/>
			<key>isa</key>
			<string>PBXShellScriptBuildPhase</string>
			<key>name</key>
			<string>Check Pods Manifest.lock</string>
			<key>outputPaths</key>
			<array/>
			<key>runOnlyForDeploymentPostprocessing</key>
			<string>0</string>
			<key>shellPath</key>
			<string>/bin/sh</string>
			<key>shellScript</key>
			<string>diff "${PODS_ROOT}/../Podfile.lock" "${PODS_ROOT}/Manifest.lock" &gt; /dev/null
if [[ $? != 0 ]] ; then
    cat &lt;&lt; EOM
error: The sandbox is not in sync with the Podfile.lock. Run 'pod install' or update your CocoaPods installation.
EOM
    exit 1
fi
</string>
			<key>showEnvVarsInLog</key>
			<string>0</string>
		</dict>
		<key>D6BB898A4D1F49E8A43AE354</key>
		<dict>
			<key>fileRef</key>
			<string>EBC66B07440B4166BA92308A</string>
			<key>isa</key>
			<string>PBXBuildFile</string>
		</dict>
		<key>E9A7C30AF8ACBCEA611BDD4C</key>
		<dict>
			<key>children</key>
			<array>
				<string>612618E1383860C51F74F5A6</string>
				<string>2A685E8F8CC418FD8843760A</string>
			</array>
			<key>isa</key>
			<string>PBXGroup</string>
			<key>name</key>
			<string>Pods</string>
			<key>sourceTree</key>
			<string>&lt;group&gt;</string>
		</dict>
		<key>EBC66B07440B4166BA92308A</key>
		<dict>
			<key>explicitFileType</key>
			<string>archive.ar</string>
			<key>includeInIndex</key>
			<string>0</string>
			<key>isa</key>
			<string>PBXFileReference</string>
			<key>path</key>
			<string>libPods.a</string>
			<key>sourceTree</key>
			<string>BUILT_PRODUCTS_DIR</string>
		</dict>
	</dict>
	<key>rootObject</key>
	<string>6F1AA14D1973EAA400101766</string>
</dict>
</plist>
